{
  "version": 4,
  "terraform_version": "1.1.5",
  "serial": 697,
  "lineage": "dfab3aa4-e8ed-6ace-10f2-548312f4edb6",
  "outputs": {},
  "resources": [
    {
      "mode": "data",
      "type": "aws_eks_cluster",
      "name": "this",
      "provider": "provider[\"registry.terraform.io/hashicorp/aws\"]",
      "instances": [
        {
          "schema_version": 0,
          "attributes": {
            "arn": "arn:aws:eks:eu-west-3:536682024068:cluster/eks-aws-tf",
            "certificate_authority": [
              {
                "data": "LS0tLS1CRUdJTiBDRVJUSUZJQ0FURS0tLS0tCk1JSUM1ekNDQWMrZ0F3SUJBZ0lCQURBTkJna3Foa2lHOXcwQkFRc0ZBREFWTVJNd0VRWURWUVFERXdwcmRXSmwKY201bGRHVnpNQjRYRFRJeU1ESXhOREUzTVRneE5Gb1hEVE15TURJeE1qRTNNVGd4TkZvd0ZURVRNQkVHQTFVRQpBeE1LYTNWaVpYSnVaWFJsY3pDQ0FTSXdEUVlKS29aSWh2Y05BUUVCQlFBRGdnRVBBRENDQVFvQ2dnRUJBTEFqCnBrSlNkb1ZGaWFROUJ6K0F0UTlUZUVpK29XVmtaZ2FuZnFoSTFSUjFkSGUwR0NKaVcxNFRkZU5oUys1cWJIT1cKSEJsTE5TL25naExkamhDVFRST0x4WXdUcFpFcHNEaEt0cWxMUUVyTmJsSkpUenF5RFlWeEpwSUJFQkMwU0VuRApIWHhTOTVKUkdscmRxSm5nQ01wV2EvMW1ya1A4OWEzZ3dLRFphcTRTampHSjhrbjUzNXdvaVdlRFM4aUpSWnRXCnJTSVRyNklWYlcrWWhaeVZpbXIzdHBlaFEvZlVuQmhmaVJteS82Umd0eDIrNTBJU0JGdHpmazNRTzBINGYyeDEKN2JWNWJIQzdxa05panZ6N09Lb1hWYTZuMDFGYys5YzhaZ0s4VlRNell4Z3pCcHdaYU9aTTFvZE41V0xadm5WMAp3eTNyTGJmaFN0RmxtVEx5aFZrQ0F3RUFBYU5DTUVBd0RnWURWUjBQQVFIL0JBUURBZ0trTUE4R0ExVWRFd0VCCi93UUZNQU1CQWY4d0hRWURWUjBPQkJZRUZFMStiaG5KWWg5L2FjVEZDSWNHMEpIYzNUajNNQTBHQ1NxR1NJYjMKRFFFQkN3VUFBNElCQVFCajM1MHBIQWFyMDk3dlV2UlIwSlJSbi9jNmMwaHlabHA4R1lxTWUvMDVqamkzakEzMQp3ZmxLbElJcTgwZzlyR0hnREx4bzZaMEZjTjJ0akFhUEFSWHdINkRqRXVkRFBFNWtydEtVS05DTHgrbGpiRGtNCmFNZnF1VWhWblVjMGZBOEtyMUU3Q1RRUGxQcS9Ca2ozZmFDUDVmc1JpdFBZbUtqaTNPTFBnQXBIbVQ2allxQUMKb0lDY01yWFFmc0p5WTNLSkRjUFdVVzNoenlqQlBSSzFPcHIyMStmSWJSSnRFem8vSVpmL3lOYysyZDIvL0QwYgpSVFBMQkJOZys1OHBwS1RpbVRIOWN3QnVYVityTGthcFM4aDNYTmhzV20zWkJMQnlZL203cERtQnhVeWM2N2ZhCnZnVml0M29qdjAxOHJsUithK0tZZzU1eGNDUHg2QnQ1c1FUWAotLS0tLUVORCBDRVJUSUZJQ0FURS0tLS0tCg=="
              }
            ],
            "created_at": "2022-02-14 17:12:09.199 +0000 UTC",
            "enabled_cluster_log_types": [],
            "endpoint": "https://58B855954036087210A796B49CBD7E8B.yl4.eu-west-3.eks.amazonaws.com",
            "id": "eks-aws-tf",
            "identity": [
              {
                "oidc": [
                  {
                    "issuer": "https://oidc.eks.eu-west-3.amazonaws.com/id/58B855954036087210A796B49CBD7E8B"
                  }
                ]
              }
            ],
            "kubernetes_network_config": [
              {
                "ip_family": "ipv4",
                "service_ipv4_cidr": "172.20.0.0/16"
              }
            ],
            "name": "eks-aws-tf",
            "platform_version": "eks.4",
            "role_arn": "arn:aws:iam::536682024068:role/eks-aws-tf-cluster",
            "status": "ACTIVE",
            "tags": {},
            "version": "1.21",
            "vpc_config": [
              {
                "cluster_security_group_id": "sg-0e8d975dcb21e0627",
                "endpoint_private_access": true,
                "endpoint_public_access": true,
                "public_access_cidrs": [
                  "93.36.185.79/32"
                ],
                "security_group_ids": [
                  "sg-0e0f0c3456355a901"
                ],
                "subnet_ids": [
                  "subnet-03109e0c7e4b21c3e",
                  "subnet-069a1cb4969276fb9",
                  "subnet-08b589127fbbccefc"
                ],
                "vpc_id": "vpc-024f20466f57b854a"
              }
            ]
          },
          "sensitive_attributes": []
        }
      ]
    },
    {
      "mode": "data",
      "type": "aws_eks_cluster_auth",
      "name": "this",
      "provider": "provider[\"registry.terraform.io/hashicorp/aws\"]",
      "instances": [
        {
          "schema_version": 0,
          "attributes": {
            "id": "eks-aws-tf",
            "name": "eks-aws-tf",
            "token": "k8s-aws-v1.aHR0cHM6Ly9zdHMuYW1hem9uYXdzLmNvbS8_QWN0aW9uPUdldENhbGxlcklkZW50aXR5JlZlcnNpb249MjAxMS0wNi0xNSZYLUFtei1BbGdvcml0aG09QVdTNC1ITUFDLVNIQTI1NiZYLUFtei1DcmVkZW50aWFsPUFLSUFYWjVGNVpTQ0ZRV0xaUkhOJTJGMjAyMjAyMTQlMkZ1cy1lYXN0LTElMkZzdHMlMkZhd3M0X3JlcXVlc3QmWC1BbXotRGF0ZT0yMDIyMDIxNFQyMjUxMzBaJlgtQW16LUV4cGlyZXM9MCZYLUFtei1TaWduZWRIZWFkZXJzPWhvc3QlM0J4LWs4cy1hd3MtaWQmWC1BbXotU2lnbmF0dXJlPWM2MWQ0ZmJkOWI1YmI0MTZjZmYwZTE1Y2Q5ZjBhODQ0NmZmNzVkZGVlZGI3OTNhZjQzNzMzMjM3MGM1NzdkOTI"
          },
          "sensitive_attributes": []
        }
      ]
    },
    {
      "module": "module.eks_aws_module",
      "mode": "data",
      "type": "aws_iam_policy_document",
      "name": "assume_role_policy",
      "provider": "provider[\"registry.terraform.io/hashicorp/aws\"]",
      "instances": [
        {
          "index_key": 0,
          "schema_version": 0,
          "attributes": {
            "id": "2764486067",
            "json": "{\n  \"Version\": \"2012-10-17\",\n  \"Statement\": [\n    {\n      \"Sid\": \"EKSClusterAssumeRole\",\n      \"Effect\": \"Allow\",\n      \"Action\": \"sts:AssumeRole\",\n      \"Principal\": {\n        \"Service\": \"eks.amazonaws.com\"\n      }\n    }\n  ]\n}",
            "override_json": null,
            "override_policy_documents": null,
            "policy_id": null,
            "source_json": null,
            "source_policy_documents": null,
            "statement": [
              {
                "actions": [
                  "sts:AssumeRole"
                ],
                "condition": [],
                "effect": "Allow",
                "not_actions": [],
                "not_principals": [],
                "not_resources": [],
                "principals": [
                  {
                    "identifiers": [
                      "eks.amazonaws.com"
                    ],
                    "type": "Service"
                  }
                ],
                "resources": [],
                "sid": "EKSClusterAssumeRole"
              }
            ],
            "version": "2012-10-17"
          },
          "sensitive_attributes": []
        }
      ]
    },
    {
      "module": "module.eks_aws_module",
      "mode": "data",
      "type": "aws_partition",
      "name": "current",
      "provider": "provider[\"registry.terraform.io/hashicorp/aws\"]",
      "instances": [
        {
          "schema_version": 0,
          "attributes": {
            "dns_suffix": "amazonaws.com",
            "id": "aws",
            "partition": "aws",
            "reverse_dns_prefix": "com.amazonaws"
          },
          "sensitive_attributes": []
        }
      ]
    },
    {
      "module": "module.eks_aws_module",
      "mode": "data",
      "type": "tls_certificate",
      "name": "this",
      "provider": "provider[\"registry.terraform.io/hashicorp/tls\"]",
      "instances": [
        {
          "index_key": 0,
          "schema_version": 0,
          "attributes": {
            "certificates": [
              {
                "is_ca": true,
                "issuer": "OU=Starfield Class 2 Certification Authority,O=Starfield Technologies\\, Inc.,C=US",
                "not_after": "2034-06-28T17:39:16Z",
                "not_before": "2009-09-02T00:00:00Z",
                "public_key_algorithm": "RSA",
                "serial_number": "12037640545166866303",
                "sha1_fingerprint": "9e99a48a9960b14926bb7f3b02e22da2b0ab7280",
                "signature_algorithm": "SHA256-RSA",
                "subject": "CN=Starfield Services Root Certificate Authority - G2,O=Starfield Technologies\\, Inc.,L=Scottsdale,ST=Arizona,C=US",
                "version": 3
              },
              {
                "is_ca": true,
                "issuer": "CN=Starfield Services Root Certificate Authority - G2,O=Starfield Technologies\\, Inc.,L=Scottsdale,ST=Arizona,C=US",
                "not_after": "2037-12-31T01:00:00Z",
                "not_before": "2015-05-25T12:00:00Z",
                "public_key_algorithm": "RSA",
                "serial_number": "144918191876577076464031512351042010504348870",
                "sha1_fingerprint": "06b25927c42a721631c1efd9431e648fa62e1e39",
                "signature_algorithm": "SHA256-RSA",
                "subject": "CN=Amazon Root CA 1,O=Amazon,C=US",
                "version": 3
              },
              {
                "is_ca": true,
                "issuer": "CN=Amazon Root CA 1,O=Amazon,C=US",
                "not_after": "2025-10-19T00:00:00Z",
                "not_before": "2015-10-22T00:00:00Z",
                "public_key_algorithm": "RSA",
                "serial_number": "144918209630989264145272943054026349679957517",
                "sha1_fingerprint": "917e732d330f9a12404f73d8bea36948b929dffc",
                "signature_algorithm": "SHA256-RSA",
                "subject": "CN=Amazon,OU=Server CA 1B,O=Amazon,C=US",
                "version": 3
              },
              {
                "is_ca": false,
                "issuer": "CN=Amazon,OU=Server CA 1B,O=Amazon,C=US",
                "not_after": "2022-07-13T23:59:59Z",
                "not_before": "2021-06-14T00:00:00Z",
                "public_key_algorithm": "RSA",
                "serial_number": "15220263078010972641701357550668611977",
                "sha1_fingerprint": "5700a2572e743d22298c31090f8d173139049106",
                "signature_algorithm": "SHA256-RSA",
                "subject": "CN=oidc.eks.eu-west-3.amazonaws.com",
                "version": 3
              }
            ],
            "id": "2022-02-14 22:51:29.787267 +0000 UTC",
            "url": "https://oidc.eks.eu-west-3.amazonaws.com/id/58B855954036087210A796B49CBD7E8B",
            "verify_chain": true
          },
          "sensitive_attributes": []
        }
      ]
    },
    {
      "module": "module.eks_aws_module",
      "mode": "managed",
      "type": "aws_cloudwatch_log_group",
      "name": "this",
      "provider": "provider[\"registry.terraform.io/hashicorp/aws\"]",
      "instances": [
        {
          "index_key": 0,
          "schema_version": 0,
          "attributes": {
            "arn": "arn:aws:logs:eu-west-3:536682024068:log-group:/aws/eks/eks-aws-tf/cluster",
            "id": "/aws/eks/eks-aws-tf/cluster",
            "kms_key_id": "",
            "name": "/aws/eks/eks-aws-tf/cluster",
            "name_prefix": null,
            "retention_in_days": 90,
            "tags": {},
            "tags_all": {}
          },
          "sensitive_attributes": [],
          "private": "bnVsbA==",
          "create_before_destroy": true
        }
      ]
    },
    {
      "module": "module.eks_aws_module",
      "mode": "managed",
      "type": "aws_eks_addon",
      "name": "this",
      "provider": "provider[\"registry.terraform.io/hashicorp/aws\"]",
      "instances": [
        {
          "index_key": "coredns",
          "schema_version": 0,
          "attributes": {
            "addon_name": "coredns",
            "addon_version": "v1.8.4-eksbuild.1",
            "arn": "arn:aws:eks:eu-west-3:536682024068:addon/eks-aws-tf/coredns/eabf7ca3-5578-a343-0f74-d96914efebac",
            "cluster_name": "eks-aws-tf",
            "created_at": "2022-02-14T17:27:45Z",
            "id": "eks-aws-tf:coredns",
            "modified_at": "2022-02-14T17:28:22Z",
            "resolve_conflicts": null,
            "service_account_role_arn": "",
            "tags": {},
            "tags_all": {}
          },
          "sensitive_attributes": [],
          "private": "bnVsbA==",
          "dependencies": [
            "module.eks_aws_module.aws_cloudwatch_log_group.this",
            "module.eks_aws_module.aws_eks_cluster.this",
            "module.eks_aws_module.aws_iam_role.this",
            "module.eks_aws_module.aws_iam_role_policy_attachment.this",
            "module.eks_aws_module.aws_security_group.cluster",
            "module.eks_aws_module.aws_security_group.node",
            "module.eks_aws_module.aws_security_group_rule.cluster",
            "module.eks_aws_module.aws_security_group_rule.node",
            "module.eks_aws_module.data.aws_iam_policy_document.assume_role_policy",
            "module.eks_aws_module.data.aws_partition.current",
            "module.eks_aws_module.module.eks_managed_node_group.aws_eks_node_group.this",
            "module.eks_aws_module.module.eks_managed_node_group.aws_iam_role.this",
            "module.eks_aws_module.module.eks_managed_node_group.aws_iam_role_policy_attachment.this",
            "module.eks_aws_module.module.eks_managed_node_group.aws_launch_template.this",
            "module.eks_aws_module.module.eks_managed_node_group.aws_security_group.this",
            "module.eks_aws_module.module.eks_managed_node_group.aws_security_group_rule.this",
            "module.eks_aws_module.module.eks_managed_node_group.data.aws_caller_identity.current",
            "module.eks_aws_module.module.eks_managed_node_group.data.aws_iam_policy_document.assume_role_policy",
            "module.eks_aws_module.module.eks_managed_node_group.data.aws_partition.current",
            "module.eks_aws_module.module.eks_managed_node_group.module.user_data.data.cloudinit_config.linux_eks_managed_node_group",
            "module.eks_aws_module.module.fargate_profile.aws_eks_fargate_profile.this",
            "module.eks_aws_module.module.fargate_profile.aws_iam_role.this",
            "module.eks_aws_module.module.fargate_profile.aws_iam_role_policy_attachment.this",
            "module.eks_aws_module.module.fargate_profile.data.aws_caller_identity.current",
            "module.eks_aws_module.module.fargate_profile.data.aws_iam_policy_document.assume_role_policy",
            "module.eks_aws_module.module.fargate_profile.data.aws_partition.current",
            "module.eks_aws_module.module.self_managed_node_group.aws_autoscaling_group.this",
            "module.eks_aws_module.module.self_managed_node_group.aws_autoscaling_schedule.this",
            "module.eks_aws_module.module.self_managed_node_group.aws_iam_instance_profile.this",
            "module.eks_aws_module.module.self_managed_node_group.aws_iam_role.this",
            "module.eks_aws_module.module.self_managed_node_group.aws_iam_role_policy_attachment.this",
            "module.eks_aws_module.module.self_managed_node_group.aws_launch_template.this",
            "module.eks_aws_module.module.self_managed_node_group.aws_security_group.this",
            "module.eks_aws_module.module.self_managed_node_group.aws_security_group_rule.this",
            "module.eks_aws_module.module.self_managed_node_group.data.aws_ami.eks_default",
            "module.eks_aws_module.module.self_managed_node_group.data.aws_caller_identity.current",
            "module.eks_aws_module.module.self_managed_node_group.data.aws_iam_policy_document.assume_role_policy",
            "module.eks_aws_module.module.self_managed_node_group.data.aws_partition.current",
            "module.eks_aws_module.module.self_managed_node_group.module.user_data.data.cloudinit_config.linux_eks_managed_node_group",
            "module.vpc.aws_subnet.cp-private-a",
            "module.vpc.aws_subnet.cp-private-b",
            "module.vpc.aws_subnet.cp-private-c",
            "module.vpc.aws_vpc.vpc"
          ]
        },
        {
          "index_key": "kube-proxy",
          "schema_version": 0,
          "attributes": {
            "addon_name": "kube-proxy",
            "addon_version": "v1.21.2-eksbuild.2",
            "arn": "arn:aws:eks:eu-west-3:536682024068:addon/eks-aws-tf/kube-proxy/b0bf7ca3-5576-d12c-fb93-5cc23693dff1",
            "cluster_name": "eks-aws-tf",
            "created_at": "2022-02-14T17:27:45Z",
            "id": "eks-aws-tf:kube-proxy",
            "modified_at": "2022-02-14T17:27:46Z",
            "resolve_conflicts": null,
            "service_account_role_arn": "",
            "tags": {},
            "tags_all": {}
          },
          "sensitive_attributes": [],
          "private": "bnVsbA==",
          "dependencies": [
            "module.eks_aws_module.aws_cloudwatch_log_group.this",
            "module.eks_aws_module.aws_eks_cluster.this",
            "module.eks_aws_module.aws_iam_role.this",
            "module.eks_aws_module.aws_iam_role_policy_attachment.this",
            "module.eks_aws_module.aws_security_group.cluster",
            "module.eks_aws_module.aws_security_group.node",
            "module.eks_aws_module.aws_security_group_rule.cluster",
            "module.eks_aws_module.aws_security_group_rule.node",
            "module.eks_aws_module.data.aws_iam_policy_document.assume_role_policy",
            "module.eks_aws_module.data.aws_partition.current",
            "module.eks_aws_module.module.eks_managed_node_group.aws_eks_node_group.this",
            "module.eks_aws_module.module.eks_managed_node_group.aws_iam_role.this",
            "module.eks_aws_module.module.eks_managed_node_group.aws_iam_role_policy_attachment.this",
            "module.eks_aws_module.module.eks_managed_node_group.aws_launch_template.this",
            "module.eks_aws_module.module.eks_managed_node_group.aws_security_group.this",
            "module.eks_aws_module.module.eks_managed_node_group.aws_security_group_rule.this",
            "module.eks_aws_module.module.eks_managed_node_group.data.aws_caller_identity.current",
            "module.eks_aws_module.module.eks_managed_node_group.data.aws_iam_policy_document.assume_role_policy",
            "module.eks_aws_module.module.eks_managed_node_group.data.aws_partition.current",
            "module.eks_aws_module.module.eks_managed_node_group.module.user_data.data.cloudinit_config.linux_eks_managed_node_group",
            "module.eks_aws_module.module.fargate_profile.aws_eks_fargate_profile.this",
            "module.eks_aws_module.module.fargate_profile.aws_iam_role.this",
            "module.eks_aws_module.module.fargate_profile.aws_iam_role_policy_attachment.this",
            "module.eks_aws_module.module.fargate_profile.data.aws_caller_identity.current",
            "module.eks_aws_module.module.fargate_profile.data.aws_iam_policy_document.assume_role_policy",
            "module.eks_aws_module.module.fargate_profile.data.aws_partition.current",
            "module.eks_aws_module.module.self_managed_node_group.aws_autoscaling_group.this",
            "module.eks_aws_module.module.self_managed_node_group.aws_autoscaling_schedule.this",
            "module.eks_aws_module.module.self_managed_node_group.aws_iam_instance_profile.this",
            "module.eks_aws_module.module.self_managed_node_group.aws_iam_role.this",
            "module.eks_aws_module.module.self_managed_node_group.aws_iam_role_policy_attachment.this",
            "module.eks_aws_module.module.self_managed_node_group.aws_launch_template.this",
            "module.eks_aws_module.module.self_managed_node_group.aws_security_group.this",
            "module.eks_aws_module.module.self_managed_node_group.aws_security_group_rule.this",
            "module.eks_aws_module.module.self_managed_node_group.data.aws_ami.eks_default",
            "module.eks_aws_module.module.self_managed_node_group.data.aws_caller_identity.current",
            "module.eks_aws_module.module.self_managed_node_group.data.aws_iam_policy_document.assume_role_policy",
            "module.eks_aws_module.module.self_managed_node_group.data.aws_partition.current",
            "module.eks_aws_module.module.self_managed_node_group.module.user_data.data.cloudinit_config.linux_eks_managed_node_group",
            "module.vpc.aws_subnet.cp-private-a",
            "module.vpc.aws_subnet.cp-private-b",
            "module.vpc.aws_subnet.cp-private-c",
            "module.vpc.aws_vpc.vpc"
          ]
        },
        {
          "index_key": "vpc-cni",
          "schema_version": 0,
          "attributes": {
            "addon_name": "vpc-cni",
            "addon_version": "v1.10.1-eksbuild.1",
            "arn": "arn:aws:eks:eu-west-3:536682024068:addon/eks-aws-tf/vpc-cni/30bf7ca3-5578-aba2-0c33-1eb2e9fda8fb",
            "cluster_name": "eks-aws-tf",
            "created_at": "2022-02-14T17:27:45Z",
            "id": "eks-aws-tf:vpc-cni",
            "modified_at": "2022-02-14T17:28:47Z",
            "resolve_conflicts": null,
            "service_account_role_arn": "",
            "tags": {},
            "tags_all": {}
          },
          "sensitive_attributes": [],
          "private": "bnVsbA==",
          "dependencies": [
            "module.eks_aws_module.aws_cloudwatch_log_group.this",
            "module.eks_aws_module.aws_eks_cluster.this",
            "module.eks_aws_module.aws_iam_role.this",
            "module.eks_aws_module.aws_iam_role_policy_attachment.this",
            "module.eks_aws_module.aws_security_group.cluster",
            "module.eks_aws_module.aws_security_group.node",
            "module.eks_aws_module.aws_security_group_rule.cluster",
            "module.eks_aws_module.aws_security_group_rule.node",
            "module.eks_aws_module.data.aws_iam_policy_document.assume_role_policy",
            "module.eks_aws_module.data.aws_partition.current",
            "module.eks_aws_module.module.eks_managed_node_group.aws_eks_node_group.this",
            "module.eks_aws_module.module.eks_managed_node_group.aws_iam_role.this",
            "module.eks_aws_module.module.eks_managed_node_group.aws_iam_role_policy_attachment.this",
            "module.eks_aws_module.module.eks_managed_node_group.aws_launch_template.this",
            "module.eks_aws_module.module.eks_managed_node_group.aws_security_group.this",
            "module.eks_aws_module.module.eks_managed_node_group.aws_security_group_rule.this",
            "module.eks_aws_module.module.eks_managed_node_group.data.aws_caller_identity.current",
            "module.eks_aws_module.module.eks_managed_node_group.data.aws_iam_policy_document.assume_role_policy",
            "module.eks_aws_module.module.eks_managed_node_group.data.aws_partition.current",
            "module.eks_aws_module.module.eks_managed_node_group.module.user_data.data.cloudinit_config.linux_eks_managed_node_group",
            "module.eks_aws_module.module.fargate_profile.aws_eks_fargate_profile.this",
            "module.eks_aws_module.module.fargate_profile.aws_iam_role.this",
            "module.eks_aws_module.module.fargate_profile.aws_iam_role_policy_attachment.this",
            "module.eks_aws_module.module.fargate_profile.data.aws_caller_identity.current",
            "module.eks_aws_module.module.fargate_profile.data.aws_iam_policy_document.assume_role_policy",
            "module.eks_aws_module.module.fargate_profile.data.aws_partition.current",
            "module.eks_aws_module.module.self_managed_node_group.aws_autoscaling_group.this",
            "module.eks_aws_module.module.self_managed_node_group.aws_autoscaling_schedule.this",
            "module.eks_aws_module.module.self_managed_node_group.aws_iam_instance_profile.this",
            "module.eks_aws_module.module.self_managed_node_group.aws_iam_role.this",
            "module.eks_aws_module.module.self_managed_node_group.aws_iam_role_policy_attachment.this",
            "module.eks_aws_module.module.self_managed_node_group.aws_launch_template.this",
            "module.eks_aws_module.module.self_managed_node_group.aws_security_group.this",
            "module.eks_aws_module.module.self_managed_node_group.aws_security_group_rule.this",
            "module.eks_aws_module.module.self_managed_node_group.data.aws_ami.eks_default",
            "module.eks_aws_module.module.self_managed_node_group.data.aws_caller_identity.current",
            "module.eks_aws_module.module.self_managed_node_group.data.aws_iam_policy_document.assume_role_policy",
            "module.eks_aws_module.module.self_managed_node_group.data.aws_partition.current",
            "module.eks_aws_module.module.self_managed_node_group.module.user_data.data.cloudinit_config.linux_eks_managed_node_group",
            "module.vpc.aws_subnet.cp-private-a",
            "module.vpc.aws_subnet.cp-private-b",
            "module.vpc.aws_subnet.cp-private-c",
            "module.vpc.aws_vpc.vpc"
          ]
        }
      ]
    },
    {
      "module": "module.eks_aws_module",
      "mode": "managed",
      "type": "aws_eks_cluster",
      "name": "this",
      "provider": "provider[\"registry.terraform.io/hashicorp/aws\"]",
      "instances": [
        {
          "index_key": 0,
          "schema_version": 0,
          "attributes": {
            "arn": "arn:aws:eks:eu-west-3:536682024068:cluster/eks-aws-tf",
            "certificate_authority": [
              {
                "data": "LS0tLS1CRUdJTiBDRVJUSUZJQ0FURS0tLS0tCk1JSUM1ekNDQWMrZ0F3SUJBZ0lCQURBTkJna3Foa2lHOXcwQkFRc0ZBREFWTVJNd0VRWURWUVFERXdwcmRXSmwKY201bGRHVnpNQjRYRFRJeU1ESXhOREUzTVRneE5Gb1hEVE15TURJeE1qRTNNVGd4TkZvd0ZURVRNQkVHQTFVRQpBeE1LYTNWaVpYSnVaWFJsY3pDQ0FTSXdEUVlKS29aSWh2Y05BUUVCQlFBRGdnRVBBRENDQVFvQ2dnRUJBTEFqCnBrSlNkb1ZGaWFROUJ6K0F0UTlUZUVpK29XVmtaZ2FuZnFoSTFSUjFkSGUwR0NKaVcxNFRkZU5oUys1cWJIT1cKSEJsTE5TL25naExkamhDVFRST0x4WXdUcFpFcHNEaEt0cWxMUUVyTmJsSkpUenF5RFlWeEpwSUJFQkMwU0VuRApIWHhTOTVKUkdscmRxSm5nQ01wV2EvMW1ya1A4OWEzZ3dLRFphcTRTampHSjhrbjUzNXdvaVdlRFM4aUpSWnRXCnJTSVRyNklWYlcrWWhaeVZpbXIzdHBlaFEvZlVuQmhmaVJteS82Umd0eDIrNTBJU0JGdHpmazNRTzBINGYyeDEKN2JWNWJIQzdxa05panZ6N09Lb1hWYTZuMDFGYys5YzhaZ0s4VlRNell4Z3pCcHdaYU9aTTFvZE41V0xadm5WMAp3eTNyTGJmaFN0RmxtVEx5aFZrQ0F3RUFBYU5DTUVBd0RnWURWUjBQQVFIL0JBUURBZ0trTUE4R0ExVWRFd0VCCi93UUZNQU1CQWY4d0hRWURWUjBPQkJZRUZFMStiaG5KWWg5L2FjVEZDSWNHMEpIYzNUajNNQTBHQ1NxR1NJYjMKRFFFQkN3VUFBNElCQVFCajM1MHBIQWFyMDk3dlV2UlIwSlJSbi9jNmMwaHlabHA4R1lxTWUvMDVqamkzakEzMQp3ZmxLbElJcTgwZzlyR0hnREx4bzZaMEZjTjJ0akFhUEFSWHdINkRqRXVkRFBFNWtydEtVS05DTHgrbGpiRGtNCmFNZnF1VWhWblVjMGZBOEtyMUU3Q1RRUGxQcS9Ca2ozZmFDUDVmc1JpdFBZbUtqaTNPTFBnQXBIbVQ2allxQUMKb0lDY01yWFFmc0p5WTNLSkRjUFdVVzNoenlqQlBSSzFPcHIyMStmSWJSSnRFem8vSVpmL3lOYysyZDIvL0QwYgpSVFBMQkJOZys1OHBwS1RpbVRIOWN3QnVYVityTGthcFM4aDNYTmhzV20zWkJMQnlZL203cERtQnhVeWM2N2ZhCnZnVml0M29qdjAxOHJsUithK0tZZzU1eGNDUHg2QnQ1c1FUWAotLS0tLUVORCBDRVJUSUZJQ0FURS0tLS0tCg=="
              }
            ],
            "created_at": "2022-02-14 17:12:09.199 +0000 UTC",
            "enabled_cluster_log_types": [],
            "encryption_config": [],
            "endpoint": "https://58B855954036087210A796B49CBD7E8B.yl4.eu-west-3.eks.amazonaws.com",
            "id": "eks-aws-tf",
            "identity": [
              {
                "oidc": [
                  {
                    "issuer": "https://oidc.eks.eu-west-3.amazonaws.com/id/58B855954036087210A796B49CBD7E8B"
                  }
                ]
              }
            ],
            "kubernetes_network_config": [
              {
                "ip_family": "ipv4",
                "service_ipv4_cidr": "172.20.0.0/16"
              }
            ],
            "name": "eks-aws-tf",
            "platform_version": "eks.4",
            "role_arn": "arn:aws:iam::536682024068:role/eks-aws-tf-cluster",
            "status": "ACTIVE",
            "tags": {},
            "tags_all": {},
            "timeouts": {
              "create": null,
              "delete": null,
              "update": null
            },
            "version": "1.21",
            "vpc_config": [
              {
                "cluster_security_group_id": "sg-0e8d975dcb21e0627",
                "endpoint_private_access": true,
                "endpoint_public_access": true,
                "public_access_cidrs": [
                  "93.36.185.79/32"
                ],
                "security_group_ids": [
                  "sg-0e0f0c3456355a901"
                ],
                "subnet_ids": [
                  "subnet-03109e0c7e4b21c3e",
                  "subnet-069a1cb4969276fb9",
                  "subnet-08b589127fbbccefc"
                ],
                "vpc_id": "vpc-024f20466f57b854a"
              }
            ]
          },
          "sensitive_attributes": [],
          "private": "eyJlMmJmYjczMC1lY2FhLTExZTYtOGY4OC0zNDM2M2JjN2M0YzAiOnsiY3JlYXRlIjoxODAwMDAwMDAwMDAwLCJkZWxldGUiOjkwMDAwMDAwMDAwMCwidXBkYXRlIjozNjAwMDAwMDAwMDAwfX0=",
          "dependencies": [
            "module.eks_aws_module.aws_cloudwatch_log_group.this",
            "module.eks_aws_module.aws_iam_role.this",
            "module.eks_aws_module.aws_iam_role_policy_attachment.this",
            "module.eks_aws_module.aws_security_group.cluster",
            "module.eks_aws_module.aws_security_group.node",
            "module.eks_aws_module.aws_security_group_rule.cluster",
            "module.eks_aws_module.aws_security_group_rule.node",
            "module.eks_aws_module.data.aws_iam_policy_document.assume_role_policy",
            "module.eks_aws_module.data.aws_partition.current",
            "module.vpc.aws_subnet.cp-private-a",
            "module.vpc.aws_subnet.cp-private-b",
            "module.vpc.aws_subnet.cp-private-c",
            "module.vpc.aws_vpc.vpc"
          ],
          "create_before_destroy": true
        }
      ]
    },
    {
      "module": "module.eks_aws_module",
      "mode": "managed",
      "type": "aws_iam_openid_connect_provider",
      "name": "oidc_provider",
      "provider": "provider[\"registry.terraform.io/hashicorp/aws\"]",
      "instances": [
        {
          "index_key": 0,
          "schema_version": 0,
          "attributes": {
            "arn": "arn:aws:iam::536682024068:oidc-provider/oidc.eks.eu-west-3.amazonaws.com/id/58B855954036087210A796B49CBD7E8B",
            "client_id_list": [
              "sts.amazonaws.com"
            ],
            "id": "arn:aws:iam::536682024068:oidc-provider/oidc.eks.eu-west-3.amazonaws.com/id/58B855954036087210A796B49CBD7E8B",
            "tags": {
              "Name": "eks-aws-tf-eks-irsa"
            },
            "tags_all": {
              "Name": "eks-aws-tf-eks-irsa"
            },
            "thumbprint_list": [
              "9e99a48a9960b14926bb7f3b02e22da2b0ab7280"
            ],
            "url": "oidc.eks.eu-west-3.amazonaws.com/id/58B855954036087210A796B49CBD7E8B"
          },
          "sensitive_attributes": [],
          "private": "bnVsbA==",
          "dependencies": [
            "module.eks_aws_module.aws_cloudwatch_log_group.this",
            "module.eks_aws_module.aws_eks_cluster.this",
            "module.eks_aws_module.aws_iam_role.this",
            "module.eks_aws_module.aws_iam_role_policy_attachment.this",
            "module.eks_aws_module.aws_security_group.cluster",
            "module.eks_aws_module.aws_security_group.node",
            "module.eks_aws_module.aws_security_group_rule.cluster",
            "module.eks_aws_module.aws_security_group_rule.node",
            "module.eks_aws_module.data.aws_iam_policy_document.assume_role_policy",
            "module.eks_aws_module.data.aws_partition.current",
            "module.eks_aws_module.data.tls_certificate.this",
            "module.vpc.aws_subnet.cp-private-a",
            "module.vpc.aws_subnet.cp-private-b",
            "module.vpc.aws_subnet.cp-private-c",
            "module.vpc.aws_vpc.vpc"
          ]
        }
      ]
    },
    {
      "module": "module.eks_aws_module",
      "mode": "managed",
      "type": "aws_iam_role",
      "name": "this",
      "provider": "provider[\"registry.terraform.io/hashicorp/aws\"]",
      "instances": [
        {
          "index_key": 0,
          "schema_version": 0,
          "attributes": {
            "arn": "arn:aws:iam::536682024068:role/eks-aws-tf-cluster",
            "assume_role_policy": "{\"Version\":\"2012-10-17\",\"Statement\":[{\"Sid\":\"EKSClusterAssumeRole\",\"Effect\":\"Allow\",\"Principal\":{\"Service\":\"eks.amazonaws.com\"},\"Action\":\"sts:AssumeRole\"}]}",
            "create_date": "2022-02-14T17:11:43Z",
            "description": "",
            "force_detach_policies": true,
            "id": "eks-aws-tf-cluster",
            "inline_policy": [
              {
                "name": "",
                "policy": ""
              }
            ],
            "managed_policy_arns": [
              "arn:aws:iam::aws:policy/AmazonEKSClusterPolicy",
              "arn:aws:iam::aws:policy/AmazonEKSVPCResourceController"
            ],
            "max_session_duration": 3600,
            "name": "eks-aws-tf-cluster",
            "name_prefix": "",
            "path": "/",
            "permissions_boundary": null,
            "tags": {},
            "tags_all": {},
            "unique_id": "AROAXZ5F5ZSCJXYFH2FWW"
          },
          "sensitive_attributes": [],
          "private": "bnVsbA==",
          "dependencies": [
            "module.eks_aws_module.data.aws_iam_policy_document.assume_role_policy"
          ],
          "create_before_destroy": true
        }
      ]
    },
    {
      "module": "module.eks_aws_module",
      "mode": "managed",
      "type": "aws_iam_role_policy_attachment",
      "name": "this",
      "provider": "provider[\"registry.terraform.io/hashicorp/aws\"]",
      "instances": [
        {
          "index_key": "arn:aws:iam::aws:policy/AmazonEKSClusterPolicy",
          "schema_version": 0,
          "attributes": {
            "id": "eks-aws-tf-cluster-20220214171146271400000002",
            "policy_arn": "arn:aws:iam::aws:policy/AmazonEKSClusterPolicy",
            "role": "eks-aws-tf-cluster"
          },
          "sensitive_attributes": [],
          "private": "bnVsbA==",
          "dependencies": [
            "module.eks_aws_module.aws_iam_role.this",
            "module.eks_aws_module.data.aws_iam_policy_document.assume_role_policy",
            "module.eks_aws_module.data.aws_partition.current"
          ],
          "create_before_destroy": true
        },
        {
          "index_key": "arn:aws:iam::aws:policy/AmazonEKSVPCResourceController",
          "schema_version": 0,
          "attributes": {
            "id": "eks-aws-tf-cluster-20220214171146278100000005",
            "policy_arn": "arn:aws:iam::aws:policy/AmazonEKSVPCResourceController",
            "role": "eks-aws-tf-cluster"
          },
          "sensitive_attributes": [],
          "private": "bnVsbA==",
          "dependencies": [
            "module.eks_aws_module.aws_iam_role.this",
            "module.eks_aws_module.data.aws_iam_policy_document.assume_role_policy",
            "module.eks_aws_module.data.aws_partition.current"
          ],
          "create_before_destroy": true
        }
      ]
    },
    {
      "module": "module.eks_aws_module",
      "mode": "managed",
      "type": "aws_security_group",
      "name": "cluster",
      "provider": "provider[\"registry.terraform.io/hashicorp/aws\"]",
      "instances": [
        {
          "index_key": 0,
          "schema_version": 1,
          "attributes": {
            "arn": "arn:aws:ec2:eu-west-3:536682024068:security-group/sg-0e0f0c3456355a901",
            "description": "EKS cluster security group",
            "egress": [
              {
                "cidr_blocks": [],
                "description": "Cluster API to node groups",
                "from_port": 443,
                "ipv6_cidr_blocks": [],
                "prefix_list_ids": [],
                "protocol": "tcp",
                "security_groups": [
                  "sg-0c9d7be498a8604dc"
                ],
                "self": false,
                "to_port": 443
              },
              {
                "cidr_blocks": [],
                "description": "Cluster API to node kubelets",
                "from_port": 10250,
                "ipv6_cidr_blocks": [],
                "prefix_list_ids": [],
                "protocol": "tcp",
                "security_groups": [
                  "sg-0c9d7be498a8604dc"
                ],
                "self": false,
                "to_port": 10250
              }
            ],
            "id": "sg-0e0f0c3456355a901",
            "ingress": [
              {
                "cidr_blocks": [],
                "description": "Node groups to cluster API",
                "from_port": 443,
                "ipv6_cidr_blocks": [],
                "prefix_list_ids": [],
                "protocol": "tcp",
                "security_groups": [
                  "sg-0c9d7be498a8604dc"
                ],
                "self": false,
                "to_port": 443
              }
            ],
            "name": "secg1-cluster-eks",
            "name_prefix": "",
            "owner_id": "536682024068",
            "revoke_rules_on_delete": false,
            "tags": {
              "Name": "secg1-cluster-eks"
            },
            "tags_all": {
              "Name": "secg1-cluster-eks"
            },
            "timeouts": null,
            "vpc_id": "vpc-024f20466f57b854a"
          },
          "sensitive_attributes": [],
          "private": "eyJlMmJmYjczMC1lY2FhLTExZTYtOGY4OC0zNDM2M2JjN2M0YzAiOnsiY3JlYXRlIjo2MDAwMDAwMDAwMDAsImRlbGV0ZSI6OTAwMDAwMDAwMDAwfSwic2NoZW1hX3ZlcnNpb24iOiIxIn0=",
          "dependencies": [
            "module.vpc.aws_vpc.vpc"
          ],
          "create_before_destroy": true
        }
      ]
    },
    {
      "module": "module.eks_aws_module",
      "mode": "managed",
      "type": "aws_security_group",
      "name": "node",
      "provider": "provider[\"registry.terraform.io/hashicorp/aws\"]",
      "instances": [
        {
          "index_key": 0,
          "schema_version": 1,
          "attributes": {
            "arn": "arn:aws:ec2:eu-west-3:536682024068:security-group/sg-0c9d7be498a8604dc",
            "description": "EKS node shared security group",
            "egress": [
              {
                "cidr_blocks": [
                  "0.0.0.0/0"
                ],
                "description": "Egress NTP/TCP to internet",
                "from_port": 123,
                "ipv6_cidr_blocks": [],
                "prefix_list_ids": [],
                "protocol": "tcp",
                "security_groups": [],
                "self": false,
                "to_port": 123
              },
              {
                "cidr_blocks": [
                  "0.0.0.0/0"
                ],
                "description": "Egress NTP/UDP to internet",
                "from_port": 123,
                "ipv6_cidr_blocks": [],
                "prefix_list_ids": [],
                "protocol": "udp",
                "security_groups": [],
                "self": false,
                "to_port": 123
              },
              {
                "cidr_blocks": [
                  "0.0.0.0/0"
                ],
                "description": "Egress all HTTPS to internet",
                "from_port": 443,
                "ipv6_cidr_blocks": [],
                "prefix_list_ids": [],
                "protocol": "tcp",
                "security_groups": [],
                "self": false,
                "to_port": 443
              },
              {
                "cidr_blocks": [],
                "description": "Node groups to cluster API",
                "from_port": 443,
                "ipv6_cidr_blocks": [],
                "prefix_list_ids": [],
                "protocol": "tcp",
                "security_groups": [
                  "sg-0e0f0c3456355a901"
                ],
                "self": false,
                "to_port": 443
              },
              {
                "cidr_blocks": [],
                "description": "Node to node CoreDNS",
                "from_port": 53,
                "ipv6_cidr_blocks": [],
                "prefix_list_ids": [],
                "protocol": "tcp",
                "security_groups": [],
                "self": true,
                "to_port": 53
              },
              {
                "cidr_blocks": [],
                "description": "Node to node CoreDNS",
                "from_port": 53,
                "ipv6_cidr_blocks": [],
                "prefix_list_ids": [],
                "protocol": "udp",
                "security_groups": [],
                "self": true,
                "to_port": 53
              }
            ],
            "id": "sg-0c9d7be498a8604dc",
            "ingress": [
              {
                "cidr_blocks": [],
                "description": "Cluster API to node groups",
                "from_port": 443,
                "ipv6_cidr_blocks": [],
                "prefix_list_ids": [],
                "protocol": "tcp",
                "security_groups": [
                  "sg-0e0f0c3456355a901"
                ],
                "self": false,
                "to_port": 443
              },
              {
                "cidr_blocks": [],
                "description": "Cluster API to node kubelets",
                "from_port": 10250,
                "ipv6_cidr_blocks": [],
                "prefix_list_ids": [],
                "protocol": "tcp",
                "security_groups": [
                  "sg-0e0f0c3456355a901"
                ],
                "self": false,
                "to_port": 10250
              },
              {
                "cidr_blocks": [],
                "description": "Node to node CoreDNS",
                "from_port": 53,
                "ipv6_cidr_blocks": [],
                "prefix_list_ids": [],
                "protocol": "tcp",
                "security_groups": [],
                "self": true,
                "to_port": 53
              },
              {
                "cidr_blocks": [],
                "description": "Node to node CoreDNS",
                "from_port": 53,
                "ipv6_cidr_blocks": [],
                "prefix_list_ids": [],
                "protocol": "udp",
                "security_groups": [],
                "self": true,
                "to_port": 53
              }
            ],
            "name": "eks-aws-tf-node-20220214171157193400000006",
            "name_prefix": "eks-aws-tf-node-",
            "owner_id": "536682024068",
            "revoke_rules_on_delete": false,
            "tags": {
              "Name": "eks-aws-tf-node",
              "kubernetes.io/cluster/eks-aws-tf": "owned"
            },
            "tags_all": {
              "Name": "eks-aws-tf-node",
              "kubernetes.io/cluster/eks-aws-tf": "owned"
            },
            "timeouts": null,
            "vpc_id": "vpc-024f20466f57b854a"
          },
          "sensitive_attributes": [],
          "private": "eyJlMmJmYjczMC1lY2FhLTExZTYtOGY4OC0zNDM2M2JjN2M0YzAiOnsiY3JlYXRlIjo2MDAwMDAwMDAwMDAsImRlbGV0ZSI6OTAwMDAwMDAwMDAwfSwic2NoZW1hX3ZlcnNpb24iOiIxIn0=",
          "dependencies": [
            "module.vpc.aws_vpc.vpc"
          ],
          "create_before_destroy": true
        }
      ]
    },
    {
      "module": "module.eks_aws_module",
      "mode": "managed",
      "type": "aws_security_group_rule",
      "name": "cluster",
      "provider": "provider[\"registry.terraform.io/hashicorp/aws\"]",
      "instances": [
        {
          "index_key": "egress_nodes_443",
          "schema_version": 2,
          "attributes": {
            "cidr_blocks": [],
            "description": "Cluster API to node groups",
            "from_port": 443,
            "id": "sgrule-877819426",
            "ipv6_cidr_blocks": [],
            "prefix_list_ids": [],
            "protocol": "tcp",
            "security_group_id": "sg-0e0f0c3456355a901",
            "self": false,
            "source_security_group_id": "sg-0c9d7be498a8604dc",
            "to_port": 443,
            "type": "egress"
          },
          "sensitive_attributes": [],
          "private": "eyJzY2hlbWFfdmVyc2lvbiI6IjIifQ==",
          "dependencies": [
            "module.eks_aws_module.aws_security_group.cluster",
            "module.eks_aws_module.aws_security_group.node",
            "module.vpc.aws_vpc.vpc"
          ],
          "create_before_destroy": true
        },
        {
          "index_key": "egress_nodes_kubelet",
          "schema_version": 2,
          "attributes": {
            "cidr_blocks": [],
            "description": "Cluster API to node kubelets",
            "from_port": 10250,
            "id": "sgrule-920013114",
            "ipv6_cidr_blocks": [],
            "prefix_list_ids": [],
            "protocol": "tcp",
            "security_group_id": "sg-0e0f0c3456355a901",
            "self": false,
            "source_security_group_id": "sg-0c9d7be498a8604dc",
            "to_port": 10250,
            "type": "egress"
          },
          "sensitive_attributes": [],
          "private": "eyJzY2hlbWFfdmVyc2lvbiI6IjIifQ==",
          "dependencies": [
            "module.eks_aws_module.aws_security_group.cluster",
            "module.eks_aws_module.aws_security_group.node",
            "module.vpc.aws_vpc.vpc"
          ],
          "create_before_destroy": true
        },
        {
          "index_key": "ingress_nodes_443",
          "schema_version": 2,
          "attributes": {
            "cidr_blocks": [],
            "description": "Node groups to cluster API",
            "from_port": 443,
            "id": "sgrule-1064819392",
            "ipv6_cidr_blocks": [],
            "prefix_list_ids": [],
            "protocol": "tcp",
            "security_group_id": "sg-0e0f0c3456355a901",
            "self": false,
            "source_security_group_id": "sg-0c9d7be498a8604dc",
            "to_port": 443,
            "type": "ingress"
          },
          "sensitive_attributes": [],
          "private": "eyJzY2hlbWFfdmVyc2lvbiI6IjIifQ==",
          "dependencies": [
            "module.eks_aws_module.aws_security_group.cluster",
            "module.eks_aws_module.aws_security_group.node",
            "module.vpc.aws_vpc.vpc"
          ],
          "create_before_destroy": true
        }
      ]
    },
    {
      "module": "module.eks_aws_module",
      "mode": "managed",
      "type": "aws_security_group_rule",
      "name": "node",
      "provider": "provider[\"registry.terraform.io/hashicorp/aws\"]",
      "instances": [
        {
          "index_key": "egress_cluster_443",
          "schema_version": 2,
          "attributes": {
            "cidr_blocks": [],
            "description": "Node groups to cluster API",
            "from_port": 443,
            "id": "sgrule-2008857530",
            "ipv6_cidr_blocks": [],
            "prefix_list_ids": [],
            "protocol": "tcp",
            "security_group_id": "sg-0c9d7be498a8604dc",
            "self": false,
            "source_security_group_id": "sg-0e0f0c3456355a901",
            "to_port": 443,
            "type": "egress"
          },
          "sensitive_attributes": [],
          "private": "eyJzY2hlbWFfdmVyc2lvbiI6IjIifQ==",
          "dependencies": [
            "module.eks_aws_module.aws_security_group.cluster",
            "module.eks_aws_module.aws_security_group.node",
            "module.vpc.aws_vpc.vpc"
          ],
          "create_before_destroy": true
        },
        {
          "index_key": "egress_https",
          "schema_version": 2,
          "attributes": {
            "cidr_blocks": [
              "0.0.0.0/0"
            ],
            "description": "Egress all HTTPS to internet",
            "from_port": 443,
            "id": "sgrule-3692555871",
            "ipv6_cidr_blocks": [],
            "prefix_list_ids": [],
            "protocol": "tcp",
            "security_group_id": "sg-0c9d7be498a8604dc",
            "self": false,
            "source_security_group_id": null,
            "to_port": 443,
            "type": "egress"
          },
          "sensitive_attributes": [],
          "private": "eyJzY2hlbWFfdmVyc2lvbiI6IjIifQ==",
          "dependencies": [
            "module.eks_aws_module.aws_security_group.cluster",
            "module.eks_aws_module.aws_security_group.node",
            "module.vpc.aws_vpc.vpc"
          ],
          "create_before_destroy": true
        },
        {
          "index_key": "egress_ntp_tcp",
          "schema_version": 2,
          "attributes": {
            "cidr_blocks": [
              "0.0.0.0/0"
            ],
            "description": "Egress NTP/TCP to internet",
            "from_port": 123,
            "id": "sgrule-63558465",
            "ipv6_cidr_blocks": [],
            "prefix_list_ids": [],
            "protocol": "tcp",
            "security_group_id": "sg-0c9d7be498a8604dc",
            "self": false,
            "source_security_group_id": null,
            "to_port": 123,
            "type": "egress"
          },
          "sensitive_attributes": [],
          "private": "eyJzY2hlbWFfdmVyc2lvbiI6IjIifQ==",
          "dependencies": [
            "module.eks_aws_module.aws_security_group.cluster",
            "module.eks_aws_module.aws_security_group.node",
            "module.vpc.aws_vpc.vpc"
          ],
          "create_before_destroy": true
        },
        {
          "index_key": "egress_ntp_udp",
          "schema_version": 2,
          "attributes": {
            "cidr_blocks": [
              "0.0.0.0/0"
            ],
            "description": "Egress NTP/UDP to internet",
            "from_port": 123,
            "id": "sgrule-2102916684",
            "ipv6_cidr_blocks": [],
            "prefix_list_ids": [],
            "protocol": "udp",
            "security_group_id": "sg-0c9d7be498a8604dc",
            "self": false,
            "source_security_group_id": null,
            "to_port": 123,
            "type": "egress"
          },
          "sensitive_attributes": [],
          "private": "eyJzY2hlbWFfdmVyc2lvbiI6IjIifQ==",
          "dependencies": [
            "module.eks_aws_module.aws_security_group.cluster",
            "module.eks_aws_module.aws_security_group.node",
            "module.vpc.aws_vpc.vpc"
          ],
          "create_before_destroy": true
        },
        {
          "index_key": "egress_self_coredns_tcp",
          "schema_version": 2,
          "attributes": {
            "cidr_blocks": [],
            "description": "Node to node CoreDNS",
            "from_port": 53,
            "id": "sgrule-319040834",
            "ipv6_cidr_blocks": [],
            "prefix_list_ids": [],
            "protocol": "tcp",
            "security_group_id": "sg-0c9d7be498a8604dc",
            "self": true,
            "source_security_group_id": "sg-0c9d7be498a8604dc",
            "to_port": 53,
            "type": "egress"
          },
          "sensitive_attributes": [],
          "private": "eyJzY2hlbWFfdmVyc2lvbiI6IjIifQ==",
          "dependencies": [
            "module.eks_aws_module.aws_security_group.cluster",
            "module.eks_aws_module.aws_security_group.node",
            "module.vpc.aws_vpc.vpc"
          ],
          "create_before_destroy": true
        },
        {
          "index_key": "egress_self_coredns_udp",
          "schema_version": 2,
          "attributes": {
            "cidr_blocks": [],
            "description": "Node to node CoreDNS",
            "from_port": 53,
            "id": "sgrule-2640555812",
            "ipv6_cidr_blocks": [],
            "prefix_list_ids": [],
            "protocol": "udp",
            "security_group_id": "sg-0c9d7be498a8604dc",
            "self": true,
            "source_security_group_id": "sg-0c9d7be498a8604dc",
            "to_port": 53,
            "type": "egress"
          },
          "sensitive_attributes": [],
          "private": "eyJzY2hlbWFfdmVyc2lvbiI6IjIifQ==",
          "dependencies": [
            "module.eks_aws_module.aws_security_group.cluster",
            "module.eks_aws_module.aws_security_group.node",
            "module.vpc.aws_vpc.vpc"
          ],
          "create_before_destroy": true
        },
        {
          "index_key": "ingress_cluster_443",
          "schema_version": 2,
          "attributes": {
            "cidr_blocks": [],
            "description": "Cluster API to node groups",
            "from_port": 443,
            "id": "sgrule-1522148022",
            "ipv6_cidr_blocks": [],
            "prefix_list_ids": [],
            "protocol": "tcp",
            "security_group_id": "sg-0c9d7be498a8604dc",
            "self": false,
            "source_security_group_id": "sg-0e0f0c3456355a901",
            "to_port": 443,
            "type": "ingress"
          },
          "sensitive_attributes": [],
          "private": "eyJzY2hlbWFfdmVyc2lvbiI6IjIifQ==",
          "dependencies": [
            "module.eks_aws_module.aws_security_group.cluster",
            "module.eks_aws_module.aws_security_group.node",
            "module.vpc.aws_vpc.vpc"
          ],
          "create_before_destroy": true
        },
        {
          "index_key": "ingress_cluster_kubelet",
          "schema_version": 2,
          "attributes": {
            "cidr_blocks": [],
            "description": "Cluster API to node kubelets",
            "from_port": 10250,
            "id": "sgrule-1132479315",
            "ipv6_cidr_blocks": [],
            "prefix_list_ids": [],
            "protocol": "tcp",
            "security_group_id": "sg-0c9d7be498a8604dc",
            "self": false,
            "source_security_group_id": "sg-0e0f0c3456355a901",
            "to_port": 10250,
            "type": "ingress"
          },
          "sensitive_attributes": [],
          "private": "eyJzY2hlbWFfdmVyc2lvbiI6IjIifQ==",
          "dependencies": [
            "module.eks_aws_module.aws_security_group.cluster",
            "module.eks_aws_module.aws_security_group.node",
            "module.vpc.aws_vpc.vpc"
          ],
          "create_before_destroy": true
        },
        {
          "index_key": "ingress_self_coredns_tcp",
          "schema_version": 2,
          "attributes": {
            "cidr_blocks": [],
            "description": "Node to node CoreDNS",
            "from_port": 53,
            "id": "sgrule-1927474627",
            "ipv6_cidr_blocks": [],
            "prefix_list_ids": [],
            "protocol": "tcp",
            "security_group_id": "sg-0c9d7be498a8604dc",
            "self": true,
            "source_security_group_id": "sg-0c9d7be498a8604dc",
            "to_port": 53,
            "type": "ingress"
          },
          "sensitive_attributes": [],
          "private": "eyJzY2hlbWFfdmVyc2lvbiI6IjIifQ==",
          "dependencies": [
            "module.eks_aws_module.aws_security_group.cluster",
            "module.eks_aws_module.aws_security_group.node",
            "module.vpc.aws_vpc.vpc"
          ],
          "create_before_destroy": true
        },
        {
          "index_key": "ingress_self_coredns_udp",
          "schema_version": 2,
          "attributes": {
            "cidr_blocks": [],
            "description": "Node to node CoreDNS",
            "from_port": 53,
            "id": "sgrule-3602730540",
            "ipv6_cidr_blocks": [],
            "prefix_list_ids": [],
            "protocol": "udp",
            "security_group_id": "sg-0c9d7be498a8604dc",
            "self": true,
            "source_security_group_id": "sg-0c9d7be498a8604dc",
            "to_port": 53,
            "type": "ingress"
          },
          "sensitive_attributes": [],
          "private": "eyJzY2hlbWFfdmVyc2lvbiI6IjIifQ==",
          "dependencies": [
            "module.eks_aws_module.aws_security_group.cluster",
            "module.eks_aws_module.aws_security_group.node",
            "module.vpc.aws_vpc.vpc"
          ],
          "create_before_destroy": true
        }
      ]
    },
    {
      "module": "module.eks_aws_module.module.eks_managed_node_group[\"nodeg1\"]",
      "mode": "data",
      "type": "aws_caller_identity",
      "name": "current",
      "provider": "provider[\"registry.terraform.io/hashicorp/aws\"]",
      "instances": [
        {
          "schema_version": 0,
          "attributes": {
            "account_id": "536682024068",
            "arn": "arn:aws:iam::536682024068:user/cloud-orchestrator",
            "id": "536682024068",
            "user_id": "AIDAXZ5F5ZSCOIYEEU6BE"
          },
          "sensitive_attributes": []
        }
      ]
    },
    {
      "module": "module.eks_aws_module.module.eks_managed_node_group[\"nodeg1\"]",
      "mode": "data",
      "type": "aws_iam_policy_document",
      "name": "assume_role_policy",
      "provider": "provider[\"registry.terraform.io/hashicorp/aws\"]",
      "instances": [
        {
          "index_key": 0,
          "schema_version": 0,
          "attributes": {
            "id": "2560088296",
            "json": "{\n  \"Version\": \"2012-10-17\",\n  \"Statement\": [\n    {\n      \"Sid\": \"EKSNodeAssumeRole\",\n      \"Effect\": \"Allow\",\n      \"Action\": \"sts:AssumeRole\",\n      \"Principal\": {\n        \"Service\": \"ec2.amazonaws.com\"\n      }\n    }\n  ]\n}",
            "override_json": null,
            "override_policy_documents": null,
            "policy_id": null,
            "source_json": null,
            "source_policy_documents": null,
            "statement": [
              {
                "actions": [
                  "sts:AssumeRole"
                ],
                "condition": [],
                "effect": "Allow",
                "not_actions": [],
                "not_principals": [],
                "not_resources": [],
                "principals": [
                  {
                    "identifiers": [
                      "ec2.amazonaws.com"
                    ],
                    "type": "Service"
                  }
                ],
                "resources": [],
                "sid": "EKSNodeAssumeRole"
              }
            ],
            "version": "2012-10-17"
          },
          "sensitive_attributes": []
        }
      ]
    },
    {
      "module": "module.eks_aws_module.module.eks_managed_node_group[\"nodeg1\"]",
      "mode": "data",
      "type": "aws_partition",
      "name": "current",
      "provider": "provider[\"registry.terraform.io/hashicorp/aws\"]",
      "instances": [
        {
          "schema_version": 0,
          "attributes": {
            "dns_suffix": "amazonaws.com",
            "id": "aws",
            "partition": "aws",
            "reverse_dns_prefix": "com.amazonaws"
          },
          "sensitive_attributes": []
        }
      ]
    },
    {
      "module": "module.eks_aws_module.module.eks_managed_node_group[\"nodeg1\"]",
      "mode": "managed",
      "type": "aws_eks_node_group",
      "name": "this",
      "provider": "provider[\"registry.terraform.io/hashicorp/aws\"]",
      "instances": [
        {
          "index_key": 0,
          "schema_version": 0,
          "attributes": {
            "ami_type": "AL2_x86_64",
            "arn": "arn:aws:eks:eu-west-3:536682024068:nodegroup/eks-aws-tf/nodeg1/30bf7ca1-cc14-9e42-8ca6-3266792aa9c7",
            "capacity_type": "ON_DEMAND",
            "cluster_name": "eks-aws-tf",
            "disk_size": 0,
            "force_update_version": null,
            "id": "eks-aws-tf:nodeg1",
            "instance_types": [
              "t3.medium"
            ],
            "labels": {},
            "launch_template": [
              {
                "id": "lt-089a7d461c05733d0",
                "name": "lt-test1",
                "version": "5"
              }
            ],
            "node_group_name": "nodeg1",
            "node_group_name_prefix": "",
            "node_role_arn": "arn:aws:iam::536682024068:role/nodeg1-eks-node-group",
            "release_version": "1.21.5-20220123",
            "remote_access": [],
            "resources": [
              {
                "autoscaling_groups": [
                  {
                    "name": "eks-nodeg1-30bf7ca1-cc14-9e42-8ca6-3266792aa9c7"
                  }
                ],
                "remote_access_security_group_id": ""
              }
            ],
            "scaling_config": [
              {
                "desired_size": 0,
                "max_size": 1,
                "min_size": 0
              }
            ],
            "status": "ACTIVE",
            "subnet_ids": [
              "subnet-03109e0c7e4b21c3e",
              "subnet-069a1cb4969276fb9",
              "subnet-08b589127fbbccefc"
            ],
            "tags": {
              "Name": "nodeg1"
            },
            "tags_all": {
              "Name": "nodeg1"
            },
            "taint": [],
            "timeouts": {
              "create": null,
              "delete": null,
              "update": null
            },
            "update_config": [
              {
                "max_unavailable": 1,
                "max_unavailable_percentage": 0
              }
            ],
            "version": "1.21"
          },
          "sensitive_attributes": [],
          "private": "eyJlMmJmYjczMC1lY2FhLTExZTYtOGY4OC0zNDM2M2JjN2M0YzAiOnsiY3JlYXRlIjozNjAwMDAwMDAwMDAwLCJkZWxldGUiOjM2MDAwMDAwMDAwMDAsInVwZGF0ZSI6MzYwMDAwMDAwMDAwMH19",
          "dependencies": [
            "module.eks_aws_module.aws_cloudwatch_log_group.this",
            "module.eks_aws_module.aws_eks_cluster.this",
            "module.eks_aws_module.aws_iam_role.this",
            "module.eks_aws_module.aws_iam_role_policy_attachment.this",
            "module.eks_aws_module.aws_security_group.cluster",
            "module.eks_aws_module.aws_security_group.node",
            "module.eks_aws_module.aws_security_group_rule.cluster",
            "module.eks_aws_module.aws_security_group_rule.node",
            "module.eks_aws_module.data.aws_iam_policy_document.assume_role_policy",
            "module.eks_aws_module.data.aws_partition.current",
            "module.eks_aws_module.module.eks_managed_node_group.aws_iam_role.this",
            "module.eks_aws_module.module.eks_managed_node_group.aws_iam_role_policy_attachment.this",
            "module.eks_aws_module.module.eks_managed_node_group.aws_launch_template.this",
            "module.eks_aws_module.module.eks_managed_node_group.aws_security_group.this",
            "module.eks_aws_module.module.eks_managed_node_group.aws_security_group_rule.this",
            "module.eks_aws_module.module.eks_managed_node_group.data.aws_caller_identity.current",
            "module.eks_aws_module.module.eks_managed_node_group.data.aws_iam_policy_document.assume_role_policy",
            "module.eks_aws_module.module.eks_managed_node_group.data.aws_partition.current",
            "module.eks_aws_module.module.eks_managed_node_group.module.user_data.data.cloudinit_config.linux_eks_managed_node_group",
            "module.vpc.aws_subnet.cp-private-a",
            "module.vpc.aws_subnet.cp-private-b",
            "module.vpc.aws_subnet.cp-private-c",
            "module.vpc.aws_vpc.vpc"
          ],
          "create_before_destroy": true
        }
      ]
    },
    {
      "module": "module.eks_aws_module.module.eks_managed_node_group[\"nodeg1\"]",
      "mode": "managed",
      "type": "aws_iam_role",
      "name": "this",
      "provider": "provider[\"registry.terraform.io/hashicorp/aws\"]",
      "instances": [
        {
          "index_key": 0,
          "schema_version": 0,
          "attributes": {
            "arn": "arn:aws:iam::536682024068:role/nodeg1-eks-node-group",
            "assume_role_policy": "{\"Version\":\"2012-10-17\",\"Statement\":[{\"Sid\":\"EKSNodeAssumeRole\",\"Effect\":\"Allow\",\"Principal\":{\"Service\":\"ec2.amazonaws.com\"},\"Action\":\"sts:AssumeRole\"}]}",
            "create_date": "2022-02-14T17:11:43Z",
            "description": "EKS managed node group IAM role",
            "force_detach_policies": true,
            "id": "nodeg1-eks-node-group",
            "inline_policy": [
              {
                "name": "",
                "policy": ""
              }
            ],
            "managed_policy_arns": [
              "arn:aws:iam::aws:policy/AmazonEC2ContainerRegistryReadOnly",
              "arn:aws:iam::aws:policy/AmazonEKSWorkerNodePolicy",
              "arn:aws:iam::aws:policy/AmazonEKS_CNI_Policy",
              "arn:aws:iam::aws:policy/AmazonSSMManagedInstanceCore"
            ],
            "max_session_duration": 3600,
            "name": "nodeg1-eks-node-group",
            "name_prefix": "",
            "path": "/",
            "permissions_boundary": null,
            "tags": {},
            "tags_all": {},
            "unique_id": "AROAXZ5F5ZSCHG4JUHVEU"
          },
          "sensitive_attributes": [],
          "private": "bnVsbA==",
          "dependencies": [
            "module.eks_aws_module.module.eks_managed_node_group.data.aws_iam_policy_document.assume_role_policy",
            "module.eks_aws_module.module.eks_managed_node_group.data.aws_partition.current"
          ],
          "create_before_destroy": true
        }
      ]
    },
    {
      "module": "module.eks_aws_module.module.eks_managed_node_group[\"nodeg1\"]",
      "mode": "managed",
      "type": "aws_iam_role_policy_attachment",
      "name": "this",
      "provider": "provider[\"registry.terraform.io/hashicorp/aws\"]",
      "instances": [
        {
          "index_key": "arn:aws:iam::aws:policy/AmazonEC2ContainerRegistryReadOnly",
          "schema_version": 0,
          "attributes": {
            "id": "nodeg1-eks-node-group-20220214171146264700000001",
            "policy_arn": "arn:aws:iam::aws:policy/AmazonEC2ContainerRegistryReadOnly",
            "role": "nodeg1-eks-node-group"
          },
          "sensitive_attributes": [],
          "private": "bnVsbA==",
          "dependencies": [
            "module.eks_aws_module.module.eks_managed_node_group.aws_iam_role.this",
            "module.eks_aws_module.module.eks_managed_node_group.data.aws_caller_identity.current",
            "module.eks_aws_module.module.eks_managed_node_group.data.aws_iam_policy_document.assume_role_policy",
            "module.eks_aws_module.module.eks_managed_node_group.data.aws_partition.current"
          ],
          "create_before_destroy": true
        },
        {
          "index_key": "arn:aws:iam::aws:policy/AmazonEKSWorkerNodePolicy",
          "schema_version": 0,
          "attributes": {
            "id": "nodeg1-eks-node-group-20220214171146272000000003",
            "policy_arn": "arn:aws:iam::aws:policy/AmazonEKSWorkerNodePolicy",
            "role": "nodeg1-eks-node-group"
          },
          "sensitive_attributes": [],
          "private": "bnVsbA==",
          "dependencies": [
            "module.eks_aws_module.module.eks_managed_node_group.aws_iam_role.this",
            "module.eks_aws_module.module.eks_managed_node_group.data.aws_caller_identity.current",
            "module.eks_aws_module.module.eks_managed_node_group.data.aws_iam_policy_document.assume_role_policy",
            "module.eks_aws_module.module.eks_managed_node_group.data.aws_partition.current"
          ],
          "create_before_destroy": true
        },
        {
          "index_key": "arn:aws:iam::aws:policy/AmazonEKS_CNI_Policy",
          "schema_version": 0,
          "attributes": {
            "id": "nodeg1-eks-node-group-20220214171146278100000004",
            "policy_arn": "arn:aws:iam::aws:policy/AmazonEKS_CNI_Policy",
            "role": "nodeg1-eks-node-group"
          },
          "sensitive_attributes": [],
          "private": "bnVsbA==",
          "dependencies": [
            "module.eks_aws_module.module.eks_managed_node_group.aws_iam_role.this",
            "module.eks_aws_module.module.eks_managed_node_group.data.aws_caller_identity.current",
            "module.eks_aws_module.module.eks_managed_node_group.data.aws_iam_policy_document.assume_role_policy",
            "module.eks_aws_module.module.eks_managed_node_group.data.aws_partition.current"
          ],
          "create_before_destroy": true
        },
        {
          "index_key": "arn:aws:iam::aws:policy/AmazonSSMManagedInstanceCore",
          "schema_version": 0,
          "attributes": {
            "id": "nodeg1-eks-node-group-20220214192322347000000001",
            "policy_arn": "arn:aws:iam::aws:policy/AmazonSSMManagedInstanceCore",
            "role": "nodeg1-eks-node-group"
          },
          "sensitive_attributes": [],
          "private": "bnVsbA==",
          "dependencies": [
            "module.eks_aws_module.module.eks_managed_node_group.aws_iam_role.this",
            "module.eks_aws_module.module.eks_managed_node_group.data.aws_caller_identity.current",
            "module.eks_aws_module.module.eks_managed_node_group.data.aws_iam_policy_document.assume_role_policy",
            "module.eks_aws_module.module.eks_managed_node_group.data.aws_partition.current"
          ],
          "create_before_destroy": true
        }
      ]
    },
    {
      "module": "module.eks_aws_module.module.eks_managed_node_group[\"nodeg1\"]",
      "mode": "managed",
      "type": "aws_launch_template",
      "name": "this",
      "provider": "provider[\"registry.terraform.io/hashicorp/aws\"]",
      "instances": [
        {
          "index_key": 0,
          "schema_version": 0,
          "attributes": {
            "arn": "arn:aws:ec2:eu-west-3:536682024068:launch-template/lt-089a7d461c05733d0",
            "block_device_mappings": [
              {
                "device_name": "/dev/xvda",
                "ebs": [
                  {
                    "delete_on_termination": "true",
                    "encrypted": "",
                    "iops": 3000,
                    "kms_key_id": "",
                    "snapshot_id": "",
                    "throughput": 125,
                    "volume_size": 50,
                    "volume_type": "gp3"
                  }
                ],
                "no_device": "",
                "virtual_name": ""
              }
            ],
            "capacity_reservation_specification": [],
            "cpu_options": [],
            "credit_specification": [],
            "default_version": 5,
            "description": "Launch Template for EKS Cluster Node Group POC eks module",
            "disable_api_termination": false,
            "ebs_optimized": "",
            "elastic_gpu_specifications": [],
            "elastic_inference_accelerator": [],
            "enclave_options": [],
            "hibernation_options": [],
            "iam_instance_profile": [],
            "id": "lt-089a7d461c05733d0",
            "image_id": "",
            "instance_initiated_shutdown_behavior": "",
            "instance_market_options": [],
            "instance_type": "",
            "kernel_id": "",
            "key_name": "",
            "latest_version": 5,
            "license_specification": [],
            "metadata_options": [
              {
                "http_endpoint": "enabled",
                "http_protocol_ipv6": "disabled",
                "http_put_response_hop_limit": 2,
                "http_tokens": "required",
                "instance_metadata_tags": "disabled"
              }
            ],
            "monitoring": [
              {
                "enabled": true
              }
            ],
            "name": "lt-test1",
            "name_prefix": "",
            "network_interfaces": [],
            "placement": [],
            "ram_disk_id": "",
            "security_group_names": [],
            "tag_specifications": [
              {
                "resource_type": "instance",
                "tags": {
                  "Name": "nodeg1"
                }
              },
              {
                "resource_type": "network-interface",
                "tags": {
                  "Name": "nodeg1"
                }
              },
              {
                "resource_type": "volume",
                "tags": {
                  "Name": "nodeg1"
                }
              }
            ],
            "tags": {},
            "tags_all": {},
            "update_default_version": true,
            "user_data": "Q29udGVudC1UeXBlOiBtdWx0aXBhcnQvbWl4ZWQ7IGJvdW5kYXJ5PSIvLyIKTUlNRS1WZXJzaW9uOiAxLjANCg0KLS0vLw0KQ29udGVudC1UcmFuc2Zlci1FbmNvZGluZzogN2JpdA0KQ29udGVudC1UeXBlOiB0ZXh0L3gtc2hlbGxzY3JpcHQNCk1pbWUtVmVyc2lvbjogMS4wDQoNCiMhL2Jpbi9iYXNoCiMgQWdnaW9ybmFtZW50byBkZWwgc2lzdGVtYQp5dW0gdXBkYXRlIC15CiMgSW1wb3N0YXppb25lIHRpbWV6b25lIGNvcnJldHRhCnRpbWVkYXRlY3RsIHNldC10aW1lem9uZSBFdXJvcGUvUm9tZQoKIyBJbnN0YWxsYXppb25lIGUgYXR0aXZhemlvbmUgU1NNIEFnZW50Cnl1bSBpbnN0YWxsIC15IGh0dHBzOi8vczMuYW1hem9uYXdzLmNvbS9lYzItZG93bmxvYWRzLXdpbmRvd3MvU1NNQWdlbnQvbGF0ZXN0L2xpbnV4X2FtZDY0L2FtYXpvbi1zc20tYWdlbnQucnBtCnN5c3RlbWN0bCBlbmFibGUgYW1hem9uLXNzbS1hZ2VudApzeXN0ZW1jdGwgc3RhcnQgYW1hem9uLXNzbS1hZ2VudAoKbWtkaXIgZXhhbXBsZQpjZCBleGFtcGxlCnRvdWNoIGZpbGUudHh0Cg0KLS0vLy0tDQo=",
            "vpc_security_group_ids": [
              "sg-0c9d7be498a8604dc"
            ]
          },
          "sensitive_attributes": [],
          "private": "bnVsbA==",
          "dependencies": [
            "module.eks_aws_module.aws_cloudwatch_log_group.this",
            "module.eks_aws_module.aws_eks_cluster.this",
            "module.eks_aws_module.aws_iam_role.this",
            "module.eks_aws_module.aws_iam_role_policy_attachment.this",
            "module.eks_aws_module.aws_security_group.cluster",
            "module.eks_aws_module.aws_security_group.node",
            "module.eks_aws_module.aws_security_group_rule.cluster",
            "module.eks_aws_module.aws_security_group_rule.node",
            "module.eks_aws_module.data.aws_iam_policy_document.assume_role_policy",
            "module.eks_aws_module.data.aws_partition.current",
            "module.eks_aws_module.module.eks_managed_node_group.aws_iam_role.this",
            "module.eks_aws_module.module.eks_managed_node_group.aws_iam_role_policy_attachment.this",
            "module.eks_aws_module.module.eks_managed_node_group.aws_security_group.this",
            "module.eks_aws_module.module.eks_managed_node_group.aws_security_group_rule.this",
            "module.eks_aws_module.module.eks_managed_node_group.data.aws_caller_identity.current",
            "module.eks_aws_module.module.eks_managed_node_group.data.aws_iam_policy_document.assume_role_policy",
            "module.eks_aws_module.module.eks_managed_node_group.data.aws_partition.current",
            "module.eks_aws_module.module.eks_managed_node_group.module.user_data.data.cloudinit_config.linux_eks_managed_node_group",
            "module.vpc.aws_subnet.cp-private-a",
            "module.vpc.aws_subnet.cp-private-b",
            "module.vpc.aws_subnet.cp-private-c",
            "module.vpc.aws_vpc.vpc"
          ],
          "create_before_destroy": true
        }
      ]
    },
    {
      "module": "module.eks_aws_module.module.eks_managed_node_group[\"nodeg1\"].module.user_data",
      "mode": "data",
      "type": "cloudinit_config",
      "name": "linux_eks_managed_node_group",
      "provider": "provider[\"registry.terraform.io/hashicorp/cloudinit\"]",
      "instances": [
        {
          "index_key": 0,
          "schema_version": 0,
          "attributes": {
            "base64_encode": true,
            "boundary": "//",
            "gzip": false,
            "id": "572506150",
            "part": [
              {
                "content": "#!/bin/bash\n# Aggiornamento del sistema\nyum update -y\n# Impostazione timezone corretta\ntimedatectl set-timezone Europe/Rome\n\n# Installazione e attivazione SSM Agent\nyum install -y https://s3.amazonaws.com/ec2-downloads-windows/SSMAgent/latest/linux_amd64/amazon-ssm-agent.rpm\nsystemctl enable amazon-ssm-agent\nsystemctl start amazon-ssm-agent\n\nmkdir example\ncd example\ntouch file.txt\n",
                "content_type": "text/x-shellscript",
                "filename": "",
                "merge_type": ""
              }
            ],
            "rendered": "Q29udGVudC1UeXBlOiBtdWx0aXBhcnQvbWl4ZWQ7IGJvdW5kYXJ5PSIvLyIKTUlNRS1WZXJzaW9uOiAxLjANCg0KLS0vLw0KQ29udGVudC1UcmFuc2Zlci1FbmNvZGluZzogN2JpdA0KQ29udGVudC1UeXBlOiB0ZXh0L3gtc2hlbGxzY3JpcHQNCk1pbWUtVmVyc2lvbjogMS4wDQoNCiMhL2Jpbi9iYXNoCiMgQWdnaW9ybmFtZW50byBkZWwgc2lzdGVtYQp5dW0gdXBkYXRlIC15CiMgSW1wb3N0YXppb25lIHRpbWV6b25lIGNvcnJldHRhCnRpbWVkYXRlY3RsIHNldC10aW1lem9uZSBFdXJvcGUvUm9tZQoKIyBJbnN0YWxsYXppb25lIGUgYXR0aXZhemlvbmUgU1NNIEFnZW50Cnl1bSBpbnN0YWxsIC15IGh0dHBzOi8vczMuYW1hem9uYXdzLmNvbS9lYzItZG93bmxvYWRzLXdpbmRvd3MvU1NNQWdlbnQvbGF0ZXN0L2xpbnV4X2FtZDY0L2FtYXpvbi1zc20tYWdlbnQucnBtCnN5c3RlbWN0bCBlbmFibGUgYW1hem9uLXNzbS1hZ2VudApzeXN0ZW1jdGwgc3RhcnQgYW1hem9uLXNzbS1hZ2VudAoKbWtkaXIgZXhhbXBsZQpjZCBleGFtcGxlCnRvdWNoIGZpbGUudHh0Cg0KLS0vLy0tDQo="
          },
          "sensitive_attributes": []
        }
      ]
    },
    {
      "module": "module.vpc",
      "mode": "managed",
      "type": "aws_eip",
      "name": "eip",
      "provider": "provider[\"registry.terraform.io/hashicorp/aws\"]",
      "instances": [
        {
          "index_key": 0,
          "schema_version": 0,
          "attributes": {
            "address": null,
            "allocation_id": "eipalloc-0e66a0fb321801324",
            "associate_with_private_ip": null,
            "association_id": "eipassoc-02b5f53c7df9c18f6",
            "carrier_ip": "",
            "customer_owned_ip": "",
            "customer_owned_ipv4_pool": "",
            "domain": "vpc",
            "id": "eipalloc-0e66a0fb321801324",
            "instance": "",
            "network_border_group": "eu-west-3",
            "network_interface": "eni-00aef55d90b9ceb11",
            "private_dns": "ip-10-0-0-104.eu-west-3.compute.internal",
            "private_ip": "10.0.0.104",
            "public_dns": "ec2-13-37-139-177.eu-west-3.compute.amazonaws.com",
            "public_ip": "13.37.139.177",
            "public_ipv4_pool": "amazon",
            "tags": {
              "Name": "test-natgw-eip-dev"
            },
            "tags_all": {
              "Name": "test-natgw-eip-dev"
            },
            "timeouts": null,
            "vpc": true
          },
          "sensitive_attributes": [],
          "private": "eyJlMmJmYjczMC1lY2FhLTExZTYtOGY4OC0zNDM2M2JjN2M0YzAiOnsiZGVsZXRlIjoxODAwMDAwMDAwMDAsInJlYWQiOjkwMDAwMDAwMDAwMCwidXBkYXRlIjozMDAwMDAwMDAwMDB9fQ==",
          "dependencies": [
            "module.vpc.aws_internet_gateway.igw",
            "module.vpc.aws_vpc.vpc"
          ]
        }
      ]
    },
    {
      "module": "module.vpc",
      "mode": "managed",
      "type": "aws_internet_gateway",
      "name": "igw",
      "provider": "provider[\"registry.terraform.io/hashicorp/aws\"]",
      "instances": [
        {
          "index_key": 0,
          "schema_version": 0,
          "attributes": {
            "arn": "arn:aws:ec2:eu-west-3:536682024068:internet-gateway/igw-0e5b93e3d3278fb65",
            "id": "igw-0e5b93e3d3278fb65",
            "owner_id": "536682024068",
            "tags": {
              "Name": "test-igw-dev"
            },
            "tags_all": {
              "Name": "test-igw-dev"
            },
            "vpc_id": "vpc-024f20466f57b854a"
          },
          "sensitive_attributes": [],
          "private": "bnVsbA==",
          "dependencies": [
            "module.vpc.aws_vpc.vpc"
          ]
        }
      ]
    },
    {
      "module": "module.vpc",
      "mode": "managed",
      "type": "aws_nat_gateway",
      "name": "natgw-a",
      "provider": "provider[\"registry.terraform.io/hashicorp/aws\"]",
      "instances": [
        {
          "index_key": 0,
          "schema_version": 0,
          "attributes": {
            "allocation_id": "eipalloc-0e66a0fb321801324",
            "connectivity_type": "public",
            "id": "nat-040cdbcd3f81818ae",
            "network_interface_id": "eni-00aef55d90b9ceb11",
            "private_ip": "10.0.0.104",
            "public_ip": "13.37.139.177",
            "subnet_id": "subnet-0d9a7a6ae2075ece0",
            "tags": {
              "Name": "test-natgw-dev"
            },
            "tags_all": {
              "Name": "test-natgw-dev"
            }
          },
          "sensitive_attributes": [],
          "private": "bnVsbA==",
          "dependencies": [
            "module.vpc.aws_eip.eip",
            "module.vpc.aws_internet_gateway.igw",
            "module.vpc.aws_subnet.public-a",
            "module.vpc.aws_vpc.vpc"
          ]
        }
      ]
    },
    {
      "module": "module.vpc",
      "mode": "managed",
      "type": "aws_route",
      "name": "route-internet-private",
      "provider": "provider[\"registry.terraform.io/hashicorp/aws\"]",
      "instances": [
        {
          "index_key": 0,
          "schema_version": 0,
          "attributes": {
            "carrier_gateway_id": "",
            "destination_cidr_block": "0.0.0.0/0",
            "destination_ipv6_cidr_block": "",
            "destination_prefix_list_id": "",
            "egress_only_gateway_id": "",
            "gateway_id": "",
            "id": "r-rtb-0824b63ee872f42b91080289494",
            "instance_id": "",
            "instance_owner_id": "",
            "local_gateway_id": "",
            "nat_gateway_id": "nat-040cdbcd3f81818ae",
            "network_interface_id": "",
            "origin": "CreateRoute",
            "route_table_id": "rtb-0824b63ee872f42b9",
            "state": "active",
            "timeouts": null,
            "transit_gateway_id": "",
            "vpc_endpoint_id": "",
            "vpc_peering_connection_id": ""
          },
          "sensitive_attributes": [],
          "private": "eyJlMmJmYjczMC1lY2FhLTExZTYtOGY4OC0zNDM2M2JjN2M0YzAiOnsiY3JlYXRlIjozMDAwMDAwMDAwMDAsImRlbGV0ZSI6MzAwMDAwMDAwMDAwLCJ1cGRhdGUiOjEyMDAwMDAwMDAwMH19",
          "dependencies": [
            "module.vpc.aws_eip.eip",
            "module.vpc.aws_internet_gateway.igw",
            "module.vpc.aws_nat_gateway.natgw-a",
            "module.vpc.aws_subnet.public-a",
            "module.vpc.aws_vpc.vpc"
          ]
        }
      ]
    },
    {
      "module": "module.vpc",
      "mode": "managed",
      "type": "aws_route",
      "name": "route-internet-public",
      "provider": "provider[\"registry.terraform.io/hashicorp/aws\"]",
      "instances": [
        {
          "index_key": 0,
          "schema_version": 0,
          "attributes": {
            "carrier_gateway_id": "",
            "destination_cidr_block": "0.0.0.0/0",
            "destination_ipv6_cidr_block": "",
            "destination_prefix_list_id": "",
            "egress_only_gateway_id": "",
            "gateway_id": "igw-0e5b93e3d3278fb65",
            "id": "r-rtb-01d0f70c287863c261080289494",
            "instance_id": "",
            "instance_owner_id": "",
            "local_gateway_id": "",
            "nat_gateway_id": "",
            "network_interface_id": "",
            "origin": "CreateRoute",
            "route_table_id": "rtb-01d0f70c287863c26",
            "state": "active",
            "timeouts": null,
            "transit_gateway_id": "",
            "vpc_endpoint_id": "",
            "vpc_peering_connection_id": ""
          },
          "sensitive_attributes": [],
          "private": "eyJlMmJmYjczMC1lY2FhLTExZTYtOGY4OC0zNDM2M2JjN2M0YzAiOnsiY3JlYXRlIjozMDAwMDAwMDAwMDAsImRlbGV0ZSI6MzAwMDAwMDAwMDAwLCJ1cGRhdGUiOjEyMDAwMDAwMDAwMH19",
          "dependencies": [
            "module.vpc.aws_internet_gateway.igw",
            "module.vpc.aws_route_table.route-public",
            "module.vpc.aws_vpc.vpc"
          ]
        }
      ]
    },
    {
      "module": "module.vpc",
      "mode": "managed",
      "type": "aws_route_table",
      "name": "route-public",
      "provider": "provider[\"registry.terraform.io/hashicorp/aws\"]",
      "instances": [
        {
          "index_key": 0,
          "schema_version": 0,
          "attributes": {
            "arn": "arn:aws:ec2:eu-west-3:536682024068:route-table/rtb-01d0f70c287863c26",
            "id": "rtb-01d0f70c287863c26",
            "owner_id": "536682024068",
            "propagating_vgws": [],
            "route": [
              {
                "carrier_gateway_id": "",
                "cidr_block": "0.0.0.0/0",
                "destination_prefix_list_id": "",
                "egress_only_gateway_id": "",
                "gateway_id": "igw-0e5b93e3d3278fb65",
                "instance_id": "",
                "ipv6_cidr_block": "",
                "local_gateway_id": "",
                "nat_gateway_id": "",
                "network_interface_id": "",
                "transit_gateway_id": "",
                "vpc_endpoint_id": "",
                "vpc_peering_connection_id": ""
              }
            ],
            "tags": {
              "Name": "test-route-public-dev"
            },
            "tags_all": {
              "Name": "test-route-public-dev"
            },
            "timeouts": null,
            "vpc_id": "vpc-024f20466f57b854a"
          },
          "sensitive_attributes": [],
          "private": "eyJlMmJmYjczMC1lY2FhLTExZTYtOGY4OC0zNDM2M2JjN2M0YzAiOnsiY3JlYXRlIjozMDAwMDAwMDAwMDAsImRlbGV0ZSI6MzAwMDAwMDAwMDAwLCJ1cGRhdGUiOjEyMDAwMDAwMDAwMH19",
          "dependencies": [
            "module.vpc.aws_internet_gateway.igw",
            "module.vpc.aws_vpc.vpc"
          ]
        }
      ]
    },
    {
      "module": "module.vpc",
      "mode": "managed",
      "type": "aws_route_table_association",
      "name": "association-cp-private-a",
      "provider": "provider[\"registry.terraform.io/hashicorp/aws\"]",
      "instances": [
        {
          "index_key": 0,
          "schema_version": 0,
          "attributes": {
            "gateway_id": "",
            "id": "rtbassoc-0e56321f50207f188",
            "route_table_id": "rtb-0824b63ee872f42b9",
            "subnet_id": "subnet-08b589127fbbccefc"
          },
          "sensitive_attributes": [],
          "private": "bnVsbA==",
          "dependencies": [
            "module.vpc.aws_subnet.cp-private-a",
            "module.vpc.aws_vpc.vpc"
          ]
        }
      ]
    },
    {
      "module": "module.vpc",
      "mode": "managed",
      "type": "aws_route_table_association",
      "name": "association-cp-private-b",
      "provider": "provider[\"registry.terraform.io/hashicorp/aws\"]",
      "instances": [
        {
          "index_key": 0,
          "schema_version": 0,
          "attributes": {
            "gateway_id": "",
            "id": "rtbassoc-0b28c6526e31bf965",
            "route_table_id": "rtb-0824b63ee872f42b9",
            "subnet_id": "subnet-03109e0c7e4b21c3e"
          },
          "sensitive_attributes": [],
          "private": "bnVsbA==",
          "dependencies": [
            "module.vpc.aws_subnet.cp-private-b",
            "module.vpc.aws_vpc.vpc"
          ]
        }
      ]
    },
    {
      "module": "module.vpc",
      "mode": "managed",
      "type": "aws_route_table_association",
      "name": "association-cp-private-c",
      "provider": "provider[\"registry.terraform.io/hashicorp/aws\"]",
      "instances": [
        {
          "index_key": 0,
          "schema_version": 0,
          "attributes": {
            "gateway_id": "",
            "id": "rtbassoc-041199f12bab8954b",
            "route_table_id": "rtb-0824b63ee872f42b9",
            "subnet_id": "subnet-069a1cb4969276fb9"
          },
          "sensitive_attributes": [],
          "private": "bnVsbA==",
          "dependencies": [
            "module.vpc.aws_subnet.cp-private-c",
            "module.vpc.aws_vpc.vpc"
          ]
        }
      ]
    },
    {
      "module": "module.vpc",
      "mode": "managed",
      "type": "aws_route_table_association",
      "name": "association-private-a",
      "provider": "provider[\"registry.terraform.io/hashicorp/aws\"]",
      "instances": [
        {
          "index_key": 0,
          "schema_version": 0,
          "attributes": {
            "gateway_id": "",
            "id": "rtbassoc-0282d945f56664b0a",
            "route_table_id": "rtb-0824b63ee872f42b9",
            "subnet_id": "subnet-004b73e86f6a2e668"
          },
          "sensitive_attributes": [],
          "private": "bnVsbA==",
          "dependencies": [
            "module.vpc.aws_subnet.private-a",
            "module.vpc.aws_vpc.vpc"
          ]
        }
      ]
    },
    {
      "module": "module.vpc",
      "mode": "managed",
      "type": "aws_route_table_association",
      "name": "association-private-b",
      "provider": "provider[\"registry.terraform.io/hashicorp/aws\"]",
      "instances": [
        {
          "index_key": 0,
          "schema_version": 0,
          "attributes": {
            "gateway_id": "",
            "id": "rtbassoc-0b698185f4182856f",
            "route_table_id": "rtb-0824b63ee872f42b9",
            "subnet_id": "subnet-0d3ef116cc14a2e51"
          },
          "sensitive_attributes": [],
          "private": "bnVsbA==",
          "dependencies": [
            "module.vpc.aws_subnet.private-b",
            "module.vpc.aws_vpc.vpc"
          ]
        }
      ]
    },
    {
      "module": "module.vpc",
      "mode": "managed",
      "type": "aws_route_table_association",
      "name": "association-private-c",
      "provider": "provider[\"registry.terraform.io/hashicorp/aws\"]",
      "instances": [
        {
          "index_key": 0,
          "schema_version": 0,
          "attributes": {
            "gateway_id": "",
            "id": "rtbassoc-0fe7a0be40b791e25",
            "route_table_id": "rtb-0824b63ee872f42b9",
            "subnet_id": "subnet-05919cf7197851d17"
          },
          "sensitive_attributes": [],
          "private": "bnVsbA==",
          "dependencies": [
            "module.vpc.aws_subnet.private-c",
            "module.vpc.aws_vpc.vpc"
          ]
        }
      ]
    },
    {
      "module": "module.vpc",
      "mode": "managed",
      "type": "aws_route_table_association",
      "name": "association-public-a",
      "provider": "provider[\"registry.terraform.io/hashicorp/aws\"]",
      "instances": [
        {
          "index_key": 0,
          "schema_version": 0,
          "attributes": {
            "gateway_id": "",
            "id": "rtbassoc-0f7d6330f0b5bcb70",
            "route_table_id": "rtb-01d0f70c287863c26",
            "subnet_id": "subnet-0d9a7a6ae2075ece0"
          },
          "sensitive_attributes": [],
          "private": "bnVsbA==",
          "dependencies": [
            "module.vpc.aws_internet_gateway.igw",
            "module.vpc.aws_route_table.route-public",
            "module.vpc.aws_subnet.public-a",
            "module.vpc.aws_vpc.vpc"
          ]
        }
      ]
    },
    {
      "module": "module.vpc",
      "mode": "managed",
      "type": "aws_route_table_association",
      "name": "association-public-b",
      "provider": "provider[\"registry.terraform.io/hashicorp/aws\"]",
      "instances": [
        {
          "index_key": 0,
          "schema_version": 0,
          "attributes": {
            "gateway_id": "",
            "id": "rtbassoc-0c0a46af6352604c0",
            "route_table_id": "rtb-01d0f70c287863c26",
            "subnet_id": "subnet-02db04477ef730b83"
          },
          "sensitive_attributes": [],
          "private": "bnVsbA==",
          "dependencies": [
            "module.vpc.aws_internet_gateway.igw",
            "module.vpc.aws_route_table.route-public",
            "module.vpc.aws_subnet.public-b",
            "module.vpc.aws_vpc.vpc"
          ]
        }
      ]
    },
    {
      "module": "module.vpc",
      "mode": "managed",
      "type": "aws_route_table_association",
      "name": "association-public-c",
      "provider": "provider[\"registry.terraform.io/hashicorp/aws\"]",
      "instances": [
        {
          "index_key": 0,
          "schema_version": 0,
          "attributes": {
            "gateway_id": "",
            "id": "rtbassoc-03e747f299069d6b9",
            "route_table_id": "rtb-01d0f70c287863c26",
            "subnet_id": "subnet-0ea28df5225a277f0"
          },
          "sensitive_attributes": [],
          "private": "bnVsbA==",
          "dependencies": [
            "module.vpc.aws_internet_gateway.igw",
            "module.vpc.aws_route_table.route-public",
            "module.vpc.aws_subnet.public-c",
            "module.vpc.aws_vpc.vpc"
          ]
        }
      ]
    },
    {
      "module": "module.vpc",
      "mode": "managed",
      "type": "aws_route_table_association",
      "name": "association-worker-private-a",
      "provider": "provider[\"registry.terraform.io/hashicorp/aws\"]",
      "instances": [
        {
          "index_key": 0,
          "schema_version": 0,
          "attributes": {
            "gateway_id": "",
            "id": "rtbassoc-055202ac84e23d8ed",
            "route_table_id": "rtb-0824b63ee872f42b9",
            "subnet_id": "subnet-05b1d9210564da5d5"
          },
          "sensitive_attributes": [],
          "private": "bnVsbA==",
          "dependencies": [
            "module.vpc.aws_subnet.worker-private-a",
            "module.vpc.aws_vpc.vpc"
          ]
        }
      ]
    },
    {
      "module": "module.vpc",
      "mode": "managed",
      "type": "aws_route_table_association",
      "name": "association-worker-private-b",
      "provider": "provider[\"registry.terraform.io/hashicorp/aws\"]",
      "instances": [
        {
          "index_key": 0,
          "schema_version": 0,
          "attributes": {
            "gateway_id": "",
            "id": "rtbassoc-0017dd74b4fa1c2e1",
            "route_table_id": "rtb-0824b63ee872f42b9",
            "subnet_id": "subnet-0d7408eddf7585da2"
          },
          "sensitive_attributes": [],
          "private": "bnVsbA==",
          "dependencies": [
            "module.vpc.aws_subnet.worker-private-b",
            "module.vpc.aws_vpc.vpc"
          ]
        }
      ]
    },
    {
      "module": "module.vpc",
      "mode": "managed",
      "type": "aws_route_table_association",
      "name": "association-worker-private-c",
      "provider": "provider[\"registry.terraform.io/hashicorp/aws\"]",
      "instances": [
        {
          "index_key": 0,
          "schema_version": 0,
          "attributes": {
            "gateway_id": "",
            "id": "rtbassoc-0b16a55bce7a328b8",
            "route_table_id": "rtb-0824b63ee872f42b9",
            "subnet_id": "subnet-0ab3e5134205774f1"
          },
          "sensitive_attributes": [],
          "private": "bnVsbA==",
          "dependencies": [
            "module.vpc.aws_subnet.worker-private-c",
            "module.vpc.aws_vpc.vpc"
          ]
        }
      ]
    },
    {
      "module": "module.vpc",
      "mode": "managed",
      "type": "aws_subnet",
      "name": "cp-private-a",
      "provider": "provider[\"registry.terraform.io/hashicorp/aws\"]",
      "instances": [
        {
          "index_key": 0,
          "schema_version": 1,
          "attributes": {
            "arn": "arn:aws:ec2:eu-west-3:536682024068:subnet/subnet-08b589127fbbccefc",
            "assign_ipv6_address_on_creation": false,
            "availability_zone": "eu-west-3a",
            "availability_zone_id": "euw3-az1",
            "cidr_block": "10.0.13.0/24",
            "customer_owned_ipv4_pool": "",
            "enable_dns64": false,
            "enable_resource_name_dns_a_record_on_launch": false,
            "enable_resource_name_dns_aaaa_record_on_launch": false,
            "id": "subnet-08b589127fbbccefc",
            "ipv6_cidr_block": "",
            "ipv6_cidr_block_association_id": "",
            "ipv6_native": false,
            "map_customer_owned_ip_on_launch": false,
            "map_public_ip_on_launch": false,
            "outpost_arn": "",
            "owner_id": "536682024068",
            "private_dns_hostname_type_on_launch": "ip-name",
            "tags": {
              "Name": "test-subnet-cp-private-a-dev"
            },
            "tags_all": {
              "Name": "test-subnet-cp-private-a-dev"
            },
            "timeouts": null,
            "vpc_id": "vpc-024f20466f57b854a"
          },
          "sensitive_attributes": [],
          "private": "eyJlMmJmYjczMC1lY2FhLTExZTYtOGY4OC0zNDM2M2JjN2M0YzAiOnsiY3JlYXRlIjo2MDAwMDAwMDAwMDAsImRlbGV0ZSI6MTIwMDAwMDAwMDAwMH0sInNjaGVtYV92ZXJzaW9uIjoiMSJ9",
          "dependencies": [
            "module.vpc.aws_vpc.vpc"
          ],
          "create_before_destroy": true
        }
      ]
    },
    {
      "module": "module.vpc",
      "mode": "managed",
      "type": "aws_subnet",
      "name": "cp-private-b",
      "provider": "provider[\"registry.terraform.io/hashicorp/aws\"]",
      "instances": [
        {
          "index_key": 0,
          "schema_version": 1,
          "attributes": {
            "arn": "arn:aws:ec2:eu-west-3:536682024068:subnet/subnet-03109e0c7e4b21c3e",
            "assign_ipv6_address_on_creation": false,
            "availability_zone": "eu-west-3b",
            "availability_zone_id": "euw3-az2",
            "cidr_block": "10.0.14.0/24",
            "customer_owned_ipv4_pool": "",
            "enable_dns64": false,
            "enable_resource_name_dns_a_record_on_launch": false,
            "enable_resource_name_dns_aaaa_record_on_launch": false,
            "id": "subnet-03109e0c7e4b21c3e",
            "ipv6_cidr_block": "",
            "ipv6_cidr_block_association_id": "",
            "ipv6_native": false,
            "map_customer_owned_ip_on_launch": false,
            "map_public_ip_on_launch": false,
            "outpost_arn": "",
            "owner_id": "536682024068",
            "private_dns_hostname_type_on_launch": "ip-name",
            "tags": {
              "Name": "test-subnet-cp-private-b-dev"
            },
            "tags_all": {
              "Name": "test-subnet-cp-private-b-dev"
            },
            "timeouts": null,
            "vpc_id": "vpc-024f20466f57b854a"
          },
          "sensitive_attributes": [],
          "private": "eyJlMmJmYjczMC1lY2FhLTExZTYtOGY4OC0zNDM2M2JjN2M0YzAiOnsiY3JlYXRlIjo2MDAwMDAwMDAwMDAsImRlbGV0ZSI6MTIwMDAwMDAwMDAwMH0sInNjaGVtYV92ZXJzaW9uIjoiMSJ9",
          "dependencies": [
            "module.vpc.aws_vpc.vpc"
          ],
          "create_before_destroy": true
        }
      ]
    },
    {
      "module": "module.vpc",
      "mode": "managed",
      "type": "aws_subnet",
      "name": "cp-private-c",
      "provider": "provider[\"registry.terraform.io/hashicorp/aws\"]",
      "instances": [
        {
          "index_key": 0,
          "schema_version": 1,
          "attributes": {
            "arn": "arn:aws:ec2:eu-west-3:536682024068:subnet/subnet-069a1cb4969276fb9",
            "assign_ipv6_address_on_creation": false,
            "availability_zone": "eu-west-3c",
            "availability_zone_id": "euw3-az3",
            "cidr_block": "10.0.15.0/24",
            "customer_owned_ipv4_pool": "",
            "enable_dns64": false,
            "enable_resource_name_dns_a_record_on_launch": false,
            "enable_resource_name_dns_aaaa_record_on_launch": false,
            "id": "subnet-069a1cb4969276fb9",
            "ipv6_cidr_block": "",
            "ipv6_cidr_block_association_id": "",
            "ipv6_native": false,
            "map_customer_owned_ip_on_launch": false,
            "map_public_ip_on_launch": false,
            "outpost_arn": "",
            "owner_id": "536682024068",
            "private_dns_hostname_type_on_launch": "ip-name",
            "tags": {
              "Name": "test-subnet-cp-private-c-dev"
            },
            "tags_all": {
              "Name": "test-subnet-cp-private-c-dev"
            },
            "timeouts": null,
            "vpc_id": "vpc-024f20466f57b854a"
          },
          "sensitive_attributes": [],
          "private": "eyJlMmJmYjczMC1lY2FhLTExZTYtOGY4OC0zNDM2M2JjN2M0YzAiOnsiY3JlYXRlIjo2MDAwMDAwMDAwMDAsImRlbGV0ZSI6MTIwMDAwMDAwMDAwMH0sInNjaGVtYV92ZXJzaW9uIjoiMSJ9",
          "dependencies": [
            "module.vpc.aws_vpc.vpc"
          ],
          "create_before_destroy": true
        }
      ]
    },
    {
      "module": "module.vpc",
      "mode": "managed",
      "type": "aws_subnet",
      "name": "private-a",
      "provider": "provider[\"registry.terraform.io/hashicorp/aws\"]",
      "instances": [
        {
          "index_key": 0,
          "schema_version": 1,
          "attributes": {
            "arn": "arn:aws:ec2:eu-west-3:536682024068:subnet/subnet-004b73e86f6a2e668",
            "assign_ipv6_address_on_creation": false,
            "availability_zone": "eu-west-3a",
            "availability_zone_id": "euw3-az1",
            "cidr_block": "10.0.6.0/24",
            "customer_owned_ipv4_pool": "",
            "enable_dns64": false,
            "enable_resource_name_dns_a_record_on_launch": false,
            "enable_resource_name_dns_aaaa_record_on_launch": false,
            "id": "subnet-004b73e86f6a2e668",
            "ipv6_cidr_block": "",
            "ipv6_cidr_block_association_id": "",
            "ipv6_native": false,
            "map_customer_owned_ip_on_launch": false,
            "map_public_ip_on_launch": false,
            "outpost_arn": "",
            "owner_id": "536682024068",
            "private_dns_hostname_type_on_launch": "ip-name",
            "tags": {
              "Name": "test-subnet-private-a-dev",
              "kubernetes.io/role/internal-elb": "1"
            },
            "tags_all": {
              "Name": "test-subnet-private-a-dev",
              "kubernetes.io/role/internal-elb": "1"
            },
            "timeouts": null,
            "vpc_id": "vpc-024f20466f57b854a"
          },
          "sensitive_attributes": [],
          "private": "eyJlMmJmYjczMC1lY2FhLTExZTYtOGY4OC0zNDM2M2JjN2M0YzAiOnsiY3JlYXRlIjo2MDAwMDAwMDAwMDAsImRlbGV0ZSI6MTIwMDAwMDAwMDAwMH0sInNjaGVtYV92ZXJzaW9uIjoiMSJ9",
          "dependencies": [
            "module.vpc.aws_vpc.vpc"
          ]
        }
      ]
    },
    {
      "module": "module.vpc",
      "mode": "managed",
      "type": "aws_subnet",
      "name": "private-b",
      "provider": "provider[\"registry.terraform.io/hashicorp/aws\"]",
      "instances": [
        {
          "index_key": 0,
          "schema_version": 1,
          "attributes": {
            "arn": "arn:aws:ec2:eu-west-3:536682024068:subnet/subnet-0d3ef116cc14a2e51",
            "assign_ipv6_address_on_creation": false,
            "availability_zone": "eu-west-3b",
            "availability_zone_id": "euw3-az2",
            "cidr_block": "10.0.7.0/24",
            "customer_owned_ipv4_pool": "",
            "enable_dns64": false,
            "enable_resource_name_dns_a_record_on_launch": false,
            "enable_resource_name_dns_aaaa_record_on_launch": false,
            "id": "subnet-0d3ef116cc14a2e51",
            "ipv6_cidr_block": "",
            "ipv6_cidr_block_association_id": "",
            "ipv6_native": false,
            "map_customer_owned_ip_on_launch": false,
            "map_public_ip_on_launch": false,
            "outpost_arn": "",
            "owner_id": "536682024068",
            "private_dns_hostname_type_on_launch": "ip-name",
            "tags": {
              "Name": "test-subnet-private-b-dev",
              "kubernetes.io/role/internal-elb": "1"
            },
            "tags_all": {
              "Name": "test-subnet-private-b-dev",
              "kubernetes.io/role/internal-elb": "1"
            },
            "timeouts": null,
            "vpc_id": "vpc-024f20466f57b854a"
          },
          "sensitive_attributes": [],
          "private": "eyJlMmJmYjczMC1lY2FhLTExZTYtOGY4OC0zNDM2M2JjN2M0YzAiOnsiY3JlYXRlIjo2MDAwMDAwMDAwMDAsImRlbGV0ZSI6MTIwMDAwMDAwMDAwMH0sInNjaGVtYV92ZXJzaW9uIjoiMSJ9",
          "dependencies": [
            "module.vpc.aws_vpc.vpc"
          ]
        }
      ]
    },
    {
      "module": "module.vpc",
      "mode": "managed",
      "type": "aws_subnet",
      "name": "private-c",
      "provider": "provider[\"registry.terraform.io/hashicorp/aws\"]",
      "instances": [
        {
          "index_key": 0,
          "schema_version": 1,
          "attributes": {
            "arn": "arn:aws:ec2:eu-west-3:536682024068:subnet/subnet-05919cf7197851d17",
            "assign_ipv6_address_on_creation": false,
            "availability_zone": "eu-west-3c",
            "availability_zone_id": "euw3-az3",
            "cidr_block": "10.0.8.0/24",
            "customer_owned_ipv4_pool": "",
            "enable_dns64": false,
            "enable_resource_name_dns_a_record_on_launch": false,
            "enable_resource_name_dns_aaaa_record_on_launch": false,
            "id": "subnet-05919cf7197851d17",
            "ipv6_cidr_block": "",
            "ipv6_cidr_block_association_id": "",
            "ipv6_native": false,
            "map_customer_owned_ip_on_launch": false,
            "map_public_ip_on_launch": false,
            "outpost_arn": "",
            "owner_id": "536682024068",
            "private_dns_hostname_type_on_launch": "ip-name",
            "tags": {
              "Name": "test-subnet-private-c-dev",
              "kubernetes.io/role/internal-elb": "1"
            },
            "tags_all": {
              "Name": "test-subnet-private-c-dev",
              "kubernetes.io/role/internal-elb": "1"
            },
            "timeouts": null,
            "vpc_id": "vpc-024f20466f57b854a"
          },
          "sensitive_attributes": [],
          "private": "eyJlMmJmYjczMC1lY2FhLTExZTYtOGY4OC0zNDM2M2JjN2M0YzAiOnsiY3JlYXRlIjo2MDAwMDAwMDAwMDAsImRlbGV0ZSI6MTIwMDAwMDAwMDAwMH0sInNjaGVtYV92ZXJzaW9uIjoiMSJ9",
          "dependencies": [
            "module.vpc.aws_vpc.vpc"
          ]
        }
      ]
    },
    {
      "module": "module.vpc",
      "mode": "managed",
      "type": "aws_subnet",
      "name": "public-a",
      "provider": "provider[\"registry.terraform.io/hashicorp/aws\"]",
      "instances": [
        {
          "index_key": 0,
          "schema_version": 1,
          "attributes": {
            "arn": "arn:aws:ec2:eu-west-3:536682024068:subnet/subnet-0d9a7a6ae2075ece0",
            "assign_ipv6_address_on_creation": false,
            "availability_zone": "eu-west-3a",
            "availability_zone_id": "euw3-az1",
            "cidr_block": "10.0.0.0/24",
            "customer_owned_ipv4_pool": "",
            "enable_dns64": false,
            "enable_resource_name_dns_a_record_on_launch": false,
            "enable_resource_name_dns_aaaa_record_on_launch": false,
            "id": "subnet-0d9a7a6ae2075ece0",
            "ipv6_cidr_block": "",
            "ipv6_cidr_block_association_id": "",
            "ipv6_native": false,
            "map_customer_owned_ip_on_launch": false,
            "map_public_ip_on_launch": true,
            "outpost_arn": "",
            "owner_id": "536682024068",
            "private_dns_hostname_type_on_launch": "ip-name",
            "tags": {
              "Name": "test-subnet-public-a-dev",
              "kubernetes.io/role/elb": "1"
            },
            "tags_all": {
              "Name": "test-subnet-public-a-dev",
              "kubernetes.io/role/elb": "1"
            },
            "timeouts": null,
            "vpc_id": "vpc-024f20466f57b854a"
          },
          "sensitive_attributes": [],
          "private": "eyJlMmJmYjczMC1lY2FhLTExZTYtOGY4OC0zNDM2M2JjN2M0YzAiOnsiY3JlYXRlIjo2MDAwMDAwMDAwMDAsImRlbGV0ZSI6MTIwMDAwMDAwMDAwMH0sInNjaGVtYV92ZXJzaW9uIjoiMSJ9",
          "dependencies": [
            "module.vpc.aws_vpc.vpc"
          ]
        }
      ]
    },
    {
      "module": "module.vpc",
      "mode": "managed",
      "type": "aws_subnet",
      "name": "public-b",
      "provider": "provider[\"registry.terraform.io/hashicorp/aws\"]",
      "instances": [
        {
          "index_key": 0,
          "schema_version": 1,
          "attributes": {
            "arn": "arn:aws:ec2:eu-west-3:536682024068:subnet/subnet-02db04477ef730b83",
            "assign_ipv6_address_on_creation": false,
            "availability_zone": "eu-west-3b",
            "availability_zone_id": "euw3-az2",
            "cidr_block": "10.0.1.0/24",
            "customer_owned_ipv4_pool": "",
            "enable_dns64": false,
            "enable_resource_name_dns_a_record_on_launch": false,
            "enable_resource_name_dns_aaaa_record_on_launch": false,
            "id": "subnet-02db04477ef730b83",
            "ipv6_cidr_block": "",
            "ipv6_cidr_block_association_id": "",
            "ipv6_native": false,
            "map_customer_owned_ip_on_launch": false,
            "map_public_ip_on_launch": true,
            "outpost_arn": "",
            "owner_id": "536682024068",
            "private_dns_hostname_type_on_launch": "ip-name",
            "tags": {
              "Name": "test-subnet-public-b-dev",
              "kubernetes.io/role/elb": "1"
            },
            "tags_all": {
              "Name": "test-subnet-public-b-dev",
              "kubernetes.io/role/elb": "1"
            },
            "timeouts": null,
            "vpc_id": "vpc-024f20466f57b854a"
          },
          "sensitive_attributes": [],
          "private": "eyJlMmJmYjczMC1lY2FhLTExZTYtOGY4OC0zNDM2M2JjN2M0YzAiOnsiY3JlYXRlIjo2MDAwMDAwMDAwMDAsImRlbGV0ZSI6MTIwMDAwMDAwMDAwMH0sInNjaGVtYV92ZXJzaW9uIjoiMSJ9",
          "dependencies": [
            "module.vpc.aws_vpc.vpc"
          ]
        }
      ]
    },
    {
      "module": "module.vpc",
      "mode": "managed",
      "type": "aws_subnet",
      "name": "public-c",
      "provider": "provider[\"registry.terraform.io/hashicorp/aws\"]",
      "instances": [
        {
          "index_key": 0,
          "schema_version": 1,
          "attributes": {
            "arn": "arn:aws:ec2:eu-west-3:536682024068:subnet/subnet-0ea28df5225a277f0",
            "assign_ipv6_address_on_creation": false,
            "availability_zone": "eu-west-3c",
            "availability_zone_id": "euw3-az3",
            "cidr_block": "10.0.2.0/24",
            "customer_owned_ipv4_pool": "",
            "enable_dns64": false,
            "enable_resource_name_dns_a_record_on_launch": false,
            "enable_resource_name_dns_aaaa_record_on_launch": false,
            "id": "subnet-0ea28df5225a277f0",
            "ipv6_cidr_block": "",
            "ipv6_cidr_block_association_id": "",
            "ipv6_native": false,
            "map_customer_owned_ip_on_launch": false,
            "map_public_ip_on_launch": true,
            "outpost_arn": "",
            "owner_id": "536682024068",
            "private_dns_hostname_type_on_launch": "ip-name",
            "tags": {
              "Name": "test-subnet-public-c-dev",
              "kubernetes.io/role/elb": "1"
            },
            "tags_all": {
              "Name": "test-subnet-public-c-dev",
              "kubernetes.io/role/elb": "1"
            },
            "timeouts": null,
            "vpc_id": "vpc-024f20466f57b854a"
          },
          "sensitive_attributes": [],
          "private": "eyJlMmJmYjczMC1lY2FhLTExZTYtOGY4OC0zNDM2M2JjN2M0YzAiOnsiY3JlYXRlIjo2MDAwMDAwMDAwMDAsImRlbGV0ZSI6MTIwMDAwMDAwMDAwMH0sInNjaGVtYV92ZXJzaW9uIjoiMSJ9",
          "dependencies": [
            "module.vpc.aws_vpc.vpc"
          ]
        }
      ]
    },
    {
      "module": "module.vpc",
      "mode": "managed",
      "type": "aws_subnet",
      "name": "worker-private-a",
      "provider": "provider[\"registry.terraform.io/hashicorp/aws\"]",
      "instances": [
        {
          "index_key": 0,
          "schema_version": 1,
          "attributes": {
            "arn": "arn:aws:ec2:eu-west-3:536682024068:subnet/subnet-05b1d9210564da5d5",
            "assign_ipv6_address_on_creation": false,
            "availability_zone": "eu-west-3a",
            "availability_zone_id": "euw3-az1",
            "cidr_block": "10.0.16.0/20",
            "customer_owned_ipv4_pool": "",
            "enable_dns64": false,
            "enable_resource_name_dns_a_record_on_launch": false,
            "enable_resource_name_dns_aaaa_record_on_launch": false,
            "id": "subnet-05b1d9210564da5d5",
            "ipv6_cidr_block": "",
            "ipv6_cidr_block_association_id": "",
            "ipv6_native": false,
            "map_customer_owned_ip_on_launch": false,
            "map_public_ip_on_launch": false,
            "outpost_arn": "",
            "owner_id": "536682024068",
            "private_dns_hostname_type_on_launch": "ip-name",
            "tags": {
              "Name": "test-subnet-worker-private-a-dev"
            },
            "tags_all": {
              "Name": "test-subnet-worker-private-a-dev"
            },
            "timeouts": null,
            "vpc_id": "vpc-024f20466f57b854a"
          },
          "sensitive_attributes": [],
          "private": "eyJlMmJmYjczMC1lY2FhLTExZTYtOGY4OC0zNDM2M2JjN2M0YzAiOnsiY3JlYXRlIjo2MDAwMDAwMDAwMDAsImRlbGV0ZSI6MTIwMDAwMDAwMDAwMH0sInNjaGVtYV92ZXJzaW9uIjoiMSJ9",
          "dependencies": [
            "module.vpc.aws_vpc.vpc"
          ]
        }
      ]
    },
    {
      "module": "module.vpc",
      "mode": "managed",
      "type": "aws_subnet",
      "name": "worker-private-b",
      "provider": "provider[\"registry.terraform.io/hashicorp/aws\"]",
      "instances": [
        {
          "index_key": 0,
          "schema_version": 1,
          "attributes": {
            "arn": "arn:aws:ec2:eu-west-3:536682024068:subnet/subnet-0d7408eddf7585da2",
            "assign_ipv6_address_on_creation": false,
            "availability_zone": "eu-west-3b",
            "availability_zone_id": "euw3-az2",
            "cidr_block": "10.0.32.0/20",
            "customer_owned_ipv4_pool": "",
            "enable_dns64": false,
            "enable_resource_name_dns_a_record_on_launch": false,
            "enable_resource_name_dns_aaaa_record_on_launch": false,
            "id": "subnet-0d7408eddf7585da2",
            "ipv6_cidr_block": "",
            "ipv6_cidr_block_association_id": "",
            "ipv6_native": false,
            "map_customer_owned_ip_on_launch": false,
            "map_public_ip_on_launch": false,
            "outpost_arn": "",
            "owner_id": "536682024068",
            "private_dns_hostname_type_on_launch": "ip-name",
            "tags": {
              "Name": "test-subnet-worker-private-b-dev"
            },
            "tags_all": {
              "Name": "test-subnet-worker-private-b-dev"
            },
            "timeouts": null,
            "vpc_id": "vpc-024f20466f57b854a"
          },
          "sensitive_attributes": [],
          "private": "eyJlMmJmYjczMC1lY2FhLTExZTYtOGY4OC0zNDM2M2JjN2M0YzAiOnsiY3JlYXRlIjo2MDAwMDAwMDAwMDAsImRlbGV0ZSI6MTIwMDAwMDAwMDAwMH0sInNjaGVtYV92ZXJzaW9uIjoiMSJ9",
          "dependencies": [
            "module.vpc.aws_vpc.vpc"
          ]
        }
      ]
    },
    {
      "module": "module.vpc",
      "mode": "managed",
      "type": "aws_subnet",
      "name": "worker-private-c",
      "provider": "provider[\"registry.terraform.io/hashicorp/aws\"]",
      "instances": [
        {
          "index_key": 0,
          "schema_version": 1,
          "attributes": {
            "arn": "arn:aws:ec2:eu-west-3:536682024068:subnet/subnet-0ab3e5134205774f1",
            "assign_ipv6_address_on_creation": false,
            "availability_zone": "eu-west-3c",
            "availability_zone_id": "euw3-az3",
            "cidr_block": "10.0.48.0/20",
            "customer_owned_ipv4_pool": "",
            "enable_dns64": false,
            "enable_resource_name_dns_a_record_on_launch": false,
            "enable_resource_name_dns_aaaa_record_on_launch": false,
            "id": "subnet-0ab3e5134205774f1",
            "ipv6_cidr_block": "",
            "ipv6_cidr_block_association_id": "",
            "ipv6_native": false,
            "map_customer_owned_ip_on_launch": false,
            "map_public_ip_on_launch": false,
            "outpost_arn": "",
            "owner_id": "536682024068",
            "private_dns_hostname_type_on_launch": "ip-name",
            "tags": {
              "Name": "test-subnet-worker-private-c-dev"
            },
            "tags_all": {
              "Name": "test-subnet-worker-private-c-dev"
            },
            "timeouts": null,
            "vpc_id": "vpc-024f20466f57b854a"
          },
          "sensitive_attributes": [],
          "private": "eyJlMmJmYjczMC1lY2FhLTExZTYtOGY4OC0zNDM2M2JjN2M0YzAiOnsiY3JlYXRlIjo2MDAwMDAwMDAwMDAsImRlbGV0ZSI6MTIwMDAwMDAwMDAwMH0sInNjaGVtYV92ZXJzaW9uIjoiMSJ9",
          "dependencies": [
            "module.vpc.aws_vpc.vpc"
          ]
        }
      ]
    },
    {
      "module": "module.vpc",
      "mode": "managed",
      "type": "aws_vpc",
      "name": "vpc",
      "provider": "provider[\"registry.terraform.io/hashicorp/aws\"]",
      "instances": [
        {
          "index_key": 0,
          "schema_version": 1,
          "attributes": {
            "arn": "arn:aws:ec2:eu-west-3:536682024068:vpc/vpc-024f20466f57b854a",
            "assign_generated_ipv6_cidr_block": false,
            "cidr_block": "10.0.0.0/16",
            "default_network_acl_id": "acl-0be0b0ccbfed2645c",
            "default_route_table_id": "rtb-0824b63ee872f42b9",
            "default_security_group_id": "sg-0ed2d5e57494c6a62",
            "dhcp_options_id": "dopt-82a089eb",
            "enable_classiclink": false,
            "enable_classiclink_dns_support": false,
            "enable_dns_hostnames": true,
            "enable_dns_support": true,
            "id": "vpc-024f20466f57b854a",
            "instance_tenancy": "default",
            "ipv4_ipam_pool_id": null,
            "ipv4_netmask_length": null,
            "ipv6_association_id": "",
            "ipv6_cidr_block": "",
            "ipv6_cidr_block_network_border_group": "",
            "ipv6_ipam_pool_id": "",
            "ipv6_netmask_length": 0,
            "main_route_table_id": "rtb-0824b63ee872f42b9",
            "owner_id": "536682024068",
            "tags": {
              "Name": "test-vpc-dev"
            },
            "tags_all": {
              "Name": "test-vpc-dev"
            }
          },
          "sensitive_attributes": [],
          "private": "eyJzY2hlbWFfdmVyc2lvbiI6IjEifQ==",
          "create_before_destroy": true
        }
      ]
    }
  ]
}
